// !$*UTF8*$!
{
	archiveVersion = 1;
	classes = {
	};
	objectVersion = 56;
	objects = {

/* Begin PBXBuildFile section */
		630C63342ACC57E000FD48F8 /* AppDelegate.swift in Sources */ = {isa = PBXBuildFile; fileRef = 630C63332ACC57E000FD48F8 /* AppDelegate.swift */; };
		630C63362ACC57E000FD48F8 /* SceneDelegate.swift in Sources */ = {isa = PBXBuildFile; fileRef = 630C63352ACC57E000FD48F8 /* SceneDelegate.swift */; };
		630C63382ACC57E000FD48F8 /* ViewController.swift in Sources */ = {isa = PBXBuildFile; fileRef = 630C63372ACC57E000FD48F8 /* ViewController.swift */; };
		630C633D2ACC57E300FD48F8 /* Assets.xcassets in Resources */ = {isa = PBXBuildFile; fileRef = 630C633C2ACC57E300FD48F8 /* Assets.xcassets */; };
		630C63402ACC57E300FD48F8 /* LaunchScreen.storyboard in Resources */ = {isa = PBXBuildFile; fileRef = 630C633E2ACC57E300FD48F8 /* LaunchScreen.storyboard */; };
		630C634B2ACC57E300FD48F8 /* SlidersTests.swift in Sources */ = {isa = PBXBuildFile; fileRef = 630C634A2ACC57E300FD48F8 /* SlidersTests.swift */; };
		630C63552ACC57E300FD48F8 /* SlidersUITests.swift in Sources */ = {isa = PBXBuildFile; fileRef = 630C63542ACC57E300FD48F8 /* SlidersUITests.swift */; };
		630C63572ACC57E300FD48F8 /* SlidersUITestsLaunchTests.swift in Sources */ = {isa = PBXBuildFile; fileRef = 630C63562ACC57E300FD48F8 /* SlidersUITestsLaunchTests.swift */; };
		63688B522ACEB0B500E5D5C5 /* SnapKit in Frameworks */ = {isa = PBXBuildFile; productRef = 63688B512ACEB0B500E5D5C5 /* SnapKit */; };
		63688B542ACEB0B500E5D5C5 /* SnapKit-Dynamic in Frameworks */ = {isa = PBXBuildFile; productRef = 63688B532ACEB0B500E5D5C5 /* SnapKit-Dynamic */; };
/* End PBXBuildFile section */

/* Begin PBXContainerItemProxy section */
		630C63472ACC57E300FD48F8 /* PBXContainerItemProxy */ = {
			isa = PBXContainerItemProxy;
			containerPortal = 630C63282ACC57E000FD48F8 /* Project object */;
			proxyType = 1;
			remoteGlobalIDString = 630C632F2ACC57E000FD48F8;
			remoteInfo = Sliders;
		};
		630C63512ACC57E300FD48F8 /* PBXContainerItemProxy */ = {
			isa = PBXContainerItemProxy;
			containerPortal = 630C63282ACC57E000FD48F8 /* Project object */;
			proxyType = 1;
			remoteGlobalIDString = 630C632F2ACC57E000FD48F8;
			remoteInfo = Sliders;
		};
/* End PBXContainerItemProxy section */

/* Begin PBXFileReference section */
		630C63302ACC57E000FD48F8 /* Sliders.app */ = {isa = PBXFileReference; explicitFileType = wrapper.application; includeInIndex = 0; path = Sliders.app; sourceTree = BUILT_PRODUCTS_DIR; };
		630C63332ACC57E000FD48F8 /* AppDelegate.swift */ = {isa = PBXFileReference; lastKnownFileType = sourcecode.swift; path = AppDelegate.swift; sourceTree = "<group>"; };
		630C63352ACC57E000FD48F8 /* SceneDelegate.swift */ = {isa = PBXFileReference; lastKnownFileType = sourcecode.swift; path = SceneDelegate.swift; sourceTree = "<group>"; };
		630C63372ACC57E000FD48F8 /* ViewController.swift */ = {isa = PBXFileReference; lastKnownFileType = sourcecode.swift; path = ViewController.swift; sourceTree = "<group>"; };
		630C633C2ACC57E300FD48F8 /* Assets.xcassets */ = {isa = PBXFileReference; lastKnownFileType = folder.assetcatalog; path = Assets.xcassets; sourceTree = "<group>"; };
		630C633F2ACC57E300FD48F8 /* Base */ = {isa = PBXFileReference; lastKnownFileType = file.storyboard; name = Base; path = Base.lproj/LaunchScreen.storyboard; sourceTree = "<group>"; };
		630C63412ACC57E300FD48F8 /* Info.plist */ = {isa = PBXFileReference; lastKnownFileType = text.plist.xml; path = Info.plist; sourceTree = "<group>"; };
		630C63462ACC57E300FD48F8 /* SlidersTests.xctest */ = {isa = PBXFileReference; explicitFileType = wrapper.cfbundle; includeInIndex = 0; path = SlidersTests.xctest; sourceTree = BUILT_PRODUCTS_DIR; };
		630C634A2ACC57E300FD48F8 /* SlidersTests.swift */ = {isa = PBXFileReference; lastKnownFileType = sourcecode.swift; path = SlidersTests.swift; sourceTree = "<group>"; };
		630C63502ACC57E300FD48F8 /* SlidersUITests.xctest */ = {isa = PBXFileReference; explicitFileType = wrapper.cfbundle; includeInIndex = 0; path = SlidersUITests.xctest; sourceTree = BUILT_PRODUCTS_DIR; };
		630C63542ACC57E300FD48F8 /* SlidersUITests.swift */ = {isa = PBXFileReference; lastKnownFileType = sourcecode.swift; path = SlidersUITests.swift; sourceTree = "<group>"; };
		630C63562ACC57E300FD48F8 /* SlidersUITestsLaunchTests.swift */ = {isa = PBXFileReference; lastKnownFileType = sourcecode.swift; path = SlidersUITestsLaunchTests.swift; sourceTree = "<group>"; };
/* End PBXFileReference section */

/* Begin PBXFrameworksBuildPhase section */
		630C632D2ACC57E000FD48F8 /* Frameworks */ = {
			isa = PBXFrameworksBuildPhase;
			buildActionMask = 2147483647;
			files = (
				63688B522ACEB0B500E5D5C5 /* SnapKit in Frameworks */,
				63688B542ACEB0B500E5D5C5 /* SnapKit-Dynamic in Frameworks */,
			);
			runOnlyForDeploymentPostprocessing = 0;
		};
		630C63432ACC57E300FD48F8 /* Frameworks */ = {
			isa = PBXFrameworksBuildPhase;
			buildActionMask = 2147483647;
			files = (
			);
			runOnlyForDeploymentPostprocessing = 0;
		};
		630C634D2ACC57E300FD48F8 /* Frameworks */ = {
			isa = PBXFrameworksBuildPhase;
			buildActionMask = 2147483647;
			files = (
			);
			runOnlyForDeploymentPostprocessing = 0;
		};
/* End PBXFrameworksBuildPhase section */

/* Begin PBXGroup section */
		630C63272ACC57E000FD48F8 = {
			isa = PBXGroup;
			children = (
				630C63322ACC57E000FD48F8 /* Sliders */,
				630C63492ACC57E300FD48F8 /* SlidersTests */,
				630C63532ACC57E300FD48F8 /* SlidersUITests */,
				630C63312ACC57E000FD48F8 /* Products */,
			);
			sourceTree = "<group>";
		};
		630C63312ACC57E000FD48F8 /* Products */ = {
			isa = PBXGroup;
			children = (
				630C63302ACC57E000FD48F8 /* Sliders.app */,
				630C63462ACC57E300FD48F8 /* SlidersTests.xctest */,
				630C63502ACC57E300FD48F8 /* SlidersUITests.xctest */,
			);
			name = Products;
			sourceTree = "<group>";
		};
		630C63322ACC57E000FD48F8 /* Sliders */ = {
			isa = PBXGroup;
			children = (
				630C63332ACC57E000FD48F8 /* AppDelegate.swift */,
				630C63352ACC57E000FD48F8 /* SceneDelegate.swift */,
				630C63372ACC57E000FD48F8 /* ViewController.swift */,
				630C633C2ACC57E300FD48F8 /* Assets.xcassets */,
				630C633E2ACC57E300FD48F8 /* LaunchScreen.storyboard */,
				630C63412ACC57E300FD48F8 /* Info.plist */,
			);
			path = Sliders;
			sourceTree = "<group>";
		};
		630C63492ACC57E300FD48F8 /* SlidersTests */ = {
			isa = PBXGroup;
			children = (
				630C634A2ACC57E300FD48F8 /* SlidersTests.swift */,
			);
			path = SlidersTests;
			sourceTree = "<group>";
		};
		630C63532ACC57E300FD48F8 /* SlidersUITests */ = {
			isa = PBXGroup;
			children = (
				630C63542ACC57E300FD48F8 /* SlidersUITests.swift */,
				630C63562ACC57E300FD48F8 /* SlidersUITestsLaunchTests.swift */,
			);
			path = SlidersUITests;
			sourceTree = "<group>";
		};
/* End PBXGroup section */

/* Begin PBXNativeTarget section */
		630C632F2ACC57E000FD48F8 /* Sliders */ = {
			isa = PBXNativeTarget;
			buildConfigurationList = 630C635A2ACC57E300FD48F8 /* Build configuration list for PBXNativeTarget "Sliders" */;
			buildPhases = (
				630C632C2ACC57E000FD48F8 /* Sources */,
				630C632D2ACC57E000FD48F8 /* Frameworks */,
				630C632E2ACC57E000FD48F8 /* Resources */,
			);
			buildRules = (
			);
			dependencies = (
			);
			name = Sliders;
			packageProductDependencies = (
				63688B512ACEB0B500E5D5C5 /* SnapKit */,
				63688B532ACEB0B500E5D5C5 /* SnapKit-Dynamic */,
			);
			productName = Sliders;
			productReference = 630C63302ACC57E000FD48F8 /* Sliders.app */;
			productType = "com.apple.product-type.application";
		};
		630C63452ACC57E300FD48F8 /* SlidersTests */ = {
			isa = PBXNativeTarget;
			buildConfigurationList = 630C635D2ACC57E300FD48F8 /* Build configuration list for PBXNativeTarget "SlidersTests" */;
			buildPhases = (
				630C63422ACC57E300FD48F8 /* Sources */,
				630C63432ACC57E300FD48F8 /* Frameworks */,
				630C63442ACC57E300FD48F8 /* Resources */,
			);
			buildRules = (
			);
			dependencies = (
				630C63482ACC57E300FD48F8 /* PBXTargetDependency */,
			);
			name = SlidersTests;
			productName = SlidersTests;
			productReference = 630C63462ACC57E300FD48F8 /* SlidersTests.xctest */;
			productType = "com.apple.product-type.bundle.unit-test";
		};
		630C634F2ACC57E300FD48F8 /* SlidersUITests */ = {
			isa = PBXNativeTarget;
			buildConfigurationList = 630C63602ACC57E300FD48F8 /* Build configuration list for PBXNativeTarget "SlidersUITests" */;
			buildPhases = (
				630C634C2ACC57E300FD48F8 /* Sources */,
				630C634D2ACC57E300FD48F8 /* Frameworks */,
				630C634E2ACC57E300FD48F8 /* Resources */,
			);
			buildRules = (
			);
			dependencies = (
				630C63522ACC57E300FD48F8 /* PBXTargetDependency */,
			);
			name = SlidersUITests;
			productName = SlidersUITests;
			productReference = 630C63502ACC57E300FD48F8 /* SlidersUITests.xctest */;
			productType = "com.apple.product-type.bundle.ui-testing";
		};
/* End PBXNativeTarget section */

/* Begin PBXProject section */
		630C63282ACC57E000FD48F8 /* Project object */ = {
			isa = PBXProject;
			attributes = {
				BuildIndependentTargetsInParallel = 1;
				LastSwiftUpdateCheck = 1500;
				LastUpgradeCheck = 1500;
				TargetAttributes = {
					630C632F2ACC57E000FD48F8 = {
						CreatedOnToolsVersion = 15.0;
					};
					630C63452ACC57E300FD48F8 = {
						CreatedOnToolsVersion = 15.0;
						TestTargetID = 630C632F2ACC57E000FD48F8;
					};
					630C634F2ACC57E300FD48F8 = {
						CreatedOnToolsVersion = 15.0;
						TestTargetID = 630C632F2ACC57E000FD48F8;
					};
				};
			};
			buildConfigurationList = 630C632B2ACC57E000FD48F8 /* Build configuration list for PBXProject "Sliders" */;
			compatibilityVersion = "Xcode 14.0";
			developmentRegion = en;
			hasScannedForEncodings = 0;
			knownRegions = (
				en,
				Base,
			);
			mainGroup = 630C63272ACC57E000FD48F8;
			packageReferences = (
				63688B502ACEB0B500E5D5C5 /* XCRemoteSwiftPackageReference "SnapKit" */,
			);
			productRefGroup = 630C63312ACC57E000FD48F8 /* Products */;
			projectDirPath = "";
			projectRoot = "";
			targets = (
				630C632F2ACC57E000FD48F8 /* Sliders */,
				630C63452ACC57E300FD48F8 /* SlidersTests */,
				630C634F2ACC57E300FD48F8 /* SlidersUITests */,
			);
		};
/* End PBXProject section */

/* Begin PBXResourcesBuildPhase section */
		630C632E2ACC57E000FD48F8 /* Resources */ = {
			isa = PBXResourcesBuildPhase;
			buildActionMask = 2147483647;
			files = (
				630C63402ACC57E300FD48F8 /* LaunchScreen.storyboard in Resources */,
				630C633D2ACC57E300FD48F8 /* Assets.xcassets in Resources */,
			);
			runOnlyForDeploymentPostprocessing = 0;
		};
		630C63442ACC57E300FD48F8 /* Resources */ = {
			isa = PBXResourcesBuildPhase;
			buildActionMask = 2147483647;
			files = (
			);
			runOnlyForDeploymentPostprocessing = 0;
		};
		630C634E2ACC57E300FD48F8 /* Resources */ = {
			isa = PBXResourcesBuildPhase;
			buildActionMask = 2147483647;
			files = (
			);
			runOnlyForDeploymentPostprocessing = 0;
		};
/* End PBXResourcesBuildPhase section */

/* Begin PBXSourcesBuildPhase section */
		630C632C2ACC57E000FD48F8 /* Sources */ = {
			isa = PBXSourcesBuildPhase;
			buildActionMask = 2147483647;
			files = (
				630C63382ACC57E000FD48F8 /* ViewController.swift in Sources */,
				630C63342ACC57E000FD48F8 /* AppDelegate.swift in Sources */,
				630C63362ACC57E000FD48F8 /* SceneDelegate.swift in Sources */,
			);
			runOnlyForDeploymentPostprocessing = 0;
		};
		630C63422ACC57E300FD48F8 /* Sources */ = {
			isa = PBXSourcesBuildPhase;
			buildActionMask = 2147483647;
			files = (
				630C634B2ACC57E300FD48F8 /* SlidersTests.swift in Sources */,
			);
			runOnlyForDeploymentPostprocessing = 0;
		};
		630C634C2ACC57E300FD48F8 /* Sources */ = {
			isa = PBXSourcesBuildPhase;
			buildActionMask = 2147483647;
			files = (
				630C63552ACC57E300FD48F8 /* SlidersUITests.swift in Sources */,
				630C63572ACC57E300FD48F8 /* SlidersUITestsLaunchTests.swift in Sources */,
			);
			runOnlyForDeploymentPostprocessing = 0;
		};
/* End PBXSourcesBuildPhase section */

/* Begin PBXTargetDependency section */
		630C63482ACC57E300FD48F8 /* PBXTargetDependency */ = {
			isa = PBXTargetDependency;
			target = 630C632F2ACC57E000FD48F8 /* Sliders */;
			targetProxy = 630C63472ACC57E300FD48F8 /* PBXContainerItemProxy */;
		};
		630C63522ACC57E300FD48F8 /* PBXTargetDependency */ = {
			isa = PBXTargetDependency;
			target = 630C632F2ACC57E000FD48F8 /* Sliders */;
			targetProxy = 630C63512ACC57E300FD48F8 /* PBXContainerItemProxy */;
		};
/* End PBXTargetDependency section */

/* Begin PBXVariantGroup section */
		630C633E2ACC57E300FD48F8 /* LaunchScreen.storyboard */ = {
			isa = PBXVariantGroup;
			children = (
				630C633F2ACC57E300FD48F8 /* Base */,
			);
			name = LaunchScreen.storyboard;
			sourceTree = "<group>";
		};
/* End PBXVariantGroup section */

/* Begin XCBuildConfiguration section */
		630C63582ACC57E300FD48F8 /* Debug */ = {
			isa = XCBuildConfiguration;
			buildSettings = {
				ALWAYS_SEARCH_USER_PATHS = NO;
				ASSETCATALOG_COMPILER_GENERATE_SWIFT_ASSET_SYMBOL_EXTENSIONS = YES;
				CLANG_ANALYZER_NONNULL = YES;
				CLANG_ANALYZER_NUMBER_OBJECT_CONVERSION = YES_AGGRESSIVE;
				CLANG_CXX_LANGUAGE_STANDARD = "gnu++20";
				CLANG_ENABLE_MODULES = YES;
				CLANG_ENABLE_OBJC_ARC = YES;
				CLANG_ENABLE_OBJC_WEAK = YES;
				CLANG_WARN_BLOCK_CAPTURE_AUTORELEASING = YES;
				CLANG_WARN_BOOL_CONVERSION = YES;
				CLANG_WARN_COMMA = YES;
				CLANG_WARN_CONSTANT_CONVERSION = YES;
				CLANG_WARN_DEPRECATED_OBJC_IMPLEMENTATIONS = YES;
				CLANG_WARN_DIRECT_OBJC_ISA_USAGE = YES_ERROR;
				CLANG_WARN_DOCUMENTATION_COMMENTS = YES;
				CLANG_WARN_EMPTY_BODY = YES;
				CLANG_WARN_ENUM_CONVERSION = YES;
				CLANG_WARN_INFINITE_RECURSION = YES;
				CLANG_WARN_INT_CONVERSION = YES;
				CLANG_WARN_NON_LITERAL_NULL_CONVERSION = YES;
				CLANG_WARN_OBJC_IMPLICIT_RETAIN_SELF = YES;
				CLANG_WARN_OBJC_LITERAL_CONVERSION = YES;
				CLANG_WARN_OBJC_ROOT_CLASS = YES_ERROR;
				CLANG_WARN_QUOTED_INCLUDE_IN_FRAMEWORK_HEADER = YES;
				CLANG_WARN_RANGE_LOOP_ANALYSIS = YES;
				CLANG_WARN_STRICT_PROTOTYPES = YES;
				CLANG_WARN_SUSPICIOUS_MOVE = YES;
				CLANG_WARN_UNGUARDED_AVAILABILITY = YES_AGGRESSIVE;
				CLANG_WARN_UNREACHABLE_CODE = YES;
				CLANG_WARN__DUPLICATE_METHOD_MATCH = YES;
				COPY_PHASE_STRIP = NO;
				DEBUG_INFORMATION_FORMAT = dwarf;
				ENABLE_STRICT_OBJC_MSGSEND = YES;
				ENABLE_TESTABILITY = YES;
				ENABLE_USER_SCRIPT_SANDBOXING = YES;
				GCC_C_LANGUAGE_STANDARD = gnu17;
				GCC_DYNAMIC_NO_PIC = NO;
				GCC_NO_COMMON_BLOCKS = YES;
				GCC_OPTIMIZATION_LEVEL = 0;
				GCC_PREPROCESSOR_DEFINITIONS = (
					"DEBUG=1",
					"$(inherited)",
				);
				GCC_WARN_64_TO_32_BIT_CONVERSION = YES;
				GCC_WARN_ABOUT_RETURN_TYPE = YES_ERROR;
				GCC_WARN_UNDECLARED_SELECTOR = YES;
				GCC_WARN_UNINITIALIZED_AUTOS = YES_AGGRESSIVE;
				GCC_WARN_UNUSED_FUNCTION = YES;
				GCC_WARN_UNUSED_VARIABLE = YES;
				IPHONEOS_DEPLOYMENT_TARGET = 17.0;
				LOCALIZATION_PREFERS_STRING_CATALOGS = YES;
				MTL_ENABLE_DEBUG_INFO = INCLUDE_SOURCE;
				MTL_FAST_MATH = YES;
				ONLY_ACTIVE_ARCH = YES;
				SDKROOT = iphoneos;
				SWIFT_ACTIVE_COMPILATION_CONDITIONS = "DEBUG $(inherited)";
				SWIFT_OPTIMIZATION_LEVEL = "-Onone";
			};
			name = Debug;
		};
		630C63592ACC57E300FD48F8 /* Release */ = {
			isa = XCBuildConfiguration;
			buildSettings = {
				ALWAYS_SEARCH_USER_PATHS = NO;
				ASSETCATALOG_COMPILER_GENERATE_SWIFT_ASSET_SYMBOL_EXTENSIONS = YES;
				CLANG_ANALYZER_NONNULL = YES;
				CLANG_ANALYZER_NUMBER_OBJECT_CONVERSION = YES_AGGRESSIVE;
				CLANG_CXX_LANGUAGE_STANDARD = "gnu++20";
				CLANG_ENABLE_MODULES = YES;
				CLANG_ENABLE_OBJC_ARC = YES;
				CLANG_ENABLE_OBJC_WEAK = YES;
				CLANG_WARN_BLOCK_CAPTURE_AUTORELEASING = YES;
				CLANG_WARN_BOOL_CONVERSION = YES;
				CLANG_WARN_COMMA = YES;
				CLANG_WARN_CONSTANT_CONVERSION = YES;
				CLANG_WARN_DEPRECATED_OBJC_IMPLEMENTATIONS = YES;
				CLANG_WARN_DIRECT_OBJC_ISA_USAGE = YES_ERROR;
				CLANG_WARN_DOCUMENTATION_COMMENTS = YES;
				CLANG_WARN_EMPTY_BODY = YES;
				CLANG_WARN_ENUM_CONVERSION = YES;
				CLANG_WARN_INFINITE_RECURSION = YES;
				CLANG_WARN_INT_CONVERSION = YES;
				CLANG_WARN_NON_LITERAL_NULL_CONVERSION = YES;
				CLANG_WARN_OBJC_IMPLICIT_RETAIN_SELF = YES;
				CLANG_WARN_OBJC_LITERAL_CONVERSION = YES;
				CLANG_WARN_OBJC_ROOT_CLASS = YES_ERROR;
				CLANG_WARN_QUOTED_INCLUDE_IN_FRAMEWORK_HEADER = YES;
				CLANG_WARN_RANGE_LOOP_ANALYSIS = YES;
				CLANG_WARN_STRICT_PROTOTYPES = YES;
				CLANG_WARN_SUSPICIOUS_MOVE = YES;
				CLANG_WARN_UNGUARDED_AVAILABILITY = YES_AGGRESSIVE;
				CLANG_WARN_UNREACHABLE_CODE = YES;
				CLANG_WARN__DUPLICATE_METHOD_MATCH = YES;
				COPY_PHASE_STRIP = NO;
				DEBUG_INFORMATION_FORMAT = "dwarf-with-dsym";
				ENABLE_NS_ASSERTIONS = NO;
				ENABLE_STRICT_OBJC_MSGSEND = YES;
				ENABLE_USER_SCRIPT_SANDBOXING = YES;
				GCC_C_LANGUAGE_STANDARD = gnu17;
				GCC_NO_COMMON_BLOCKS = YES;
				GCC_WARN_64_TO_32_BIT_CONVERSION = YES;
				GCC_WARN_ABOUT_RETURN_TYPE = YES_ERROR;
				GCC_WARN_UNDECLARED_SELECTOR = YES;
				GCC_WARN_UNINITIALIZED_AUTOS = YES_AGGRESSIVE;
				GCC_WARN_UNUSED_FUNCTION = YES;
				GCC_WARN_UNUSED_VARIABLE = YES;
				IPHONEOS_DEPLOYMENT_TARGET = 17.0;
				LOCALIZATION_PREFERS_STRING_CATALOGS = YES;
				MTL_ENABLE_DEBUG_INFO = NO;
				MTL_FAST_MATH = YES;
				SDKROOT = iphoneos;
				SWIFT_COMPILATION_MODE = wholemodule;
				VALIDATE_PRODUCT = YES;
			};
			name = Release;
		};
		630C635B2ACC57E300FD48F8 /* Debug */ = {
			isa = XCBuildConfiguration;
			buildSettings = {
				ASSETCATALOG_COMPILER_APPICON_NAME = AppIcon;
				ASSETCATALOG_COMPILER_GLOBAL_ACCENT_COLOR_NAME = AccentColor;
				CODE_SIGN_STYLE = Automatic;
				CURRENT_PROJECT_VERSION = 1;
				DEVELOPMENT_TEAM = 637FC6BUKX;
				GENERATE_INFOPLIST_FILE = YES;
				INFOPLIST_FILE = Sliders/Info.plist;
				INFOPLIST_KEY_UIApplicationSupportsIndirectInputEvents = YES;
				INFOPLIST_KEY_UILaunchStoryboardName = LaunchScreen;
				INFOPLIST_KEY_UISupportedInterfaceOrientations_iPad = "UIInterfaceOrientationPortrait UIInterfaceOrientationPortraitUpsideDown UIInterfaceOrientationLandscapeLeft UIInterfaceOrientationLandscapeRight";
				INFOPLIST_KEY_UISupportedInterfaceOrientations_iPhone = "UIInterfaceOrientationPortrait UIInterfaceOrientationLandscapeLeft UIInterfaceOrientationLandscapeRight";
				LD_RUNPATH_SEARCH_PATHS = (
					"$(inherited)",
					"@executable_path/Frameworks",
				);
				MARKETING_VERSION = 1.0;
				PRODUCT_BUNDLE_IDENTIFIER = com.ekenozlu.Sliders;
				PRODUCT_NAME = "$(TARGET_NAME)";
				SWIFT_EMIT_LOC_STRINGS = YES;
				SWIFT_VERSION = 5.0;
				TARGETED_DEVICE_FAMILY = "1,2";
			};
			name = Debug;
		};
		630C635C2ACC57E300FD48F8 /* Release */ = {
			isa = XCBuildConfiguration;
			buildSettings = {
				ASSETCATALOG_COMPILER_APPICON_NAME = AppIcon;
				ASSETCATALOG_COMPILER_GLOBAL_ACCENT_COLOR_NAME = AccentColor;
				CODE_SIGN_STYLE = Automatic;
				CURRENT_PROJECT_VERSION = 1;
				DEVELOPMENT_TEAM = 637FC6BUKX;
				GENERATE_INFOPLIST_FILE = YES;
				INFOPLIST_FILE = Sliders/Info.plist;
				INFOPLIST_KEY_UIApplicationSupportsIndirectInputEvents = YES;
				INFOPLIST_KEY_UILaunchStoryboardName = LaunchScreen;
				INFOPLIST_KEY_UISupportedInterfaceOrientations_iPad = "UIInterfaceOrientationPortrait UIInterfaceOrientationPortraitUpsideDown UIInterfaceOrientationLandscapeLeft UIInterfaceOrientationLandscapeRight";
				INFOPLIST_KEY_UISupportedInterfaceOrientations_iPhone = "UIInterfaceOrientationPortrait UIInterfaceOrientationLandscapeLeft UIInterfaceOrientationLandscapeRight";
				LD_RUNPATH_SEARCH_PATHS = (
					"$(inherited)",
					"@executable_path/Frameworks",
				);
				MARKETING_VERSION = 1.0;
				PRODUCT_BUNDLE_IDENTIFIER = com.ekenozlu.Sliders;
				PRODUCT_NAME = "$(TARGET_NAME)";
				SWIFT_EMIT_LOC_STRINGS = YES;
				SWIFT_VERSION = 5.0;
				TARGETED_DEVICE_FAMILY = "1,2";
			};
			name = Release;
		};
		630C635E2ACC57E300FD48F8 /* Debug */ = {
			isa = XCBuildConfiguration;
			buildSettings = {
				ALWAYS_EMBED_SWIFT_STANDARD_LIBRARIES = YES;
				BUNDLE_LOADER = "$(TEST_HOST)";
				CODE_SIGN_STYLE = Automatic;
				CURRENT_PROJECT_VERSION = 1;
				DEVELOPMENT_TEAM = 637FC6BUKX;
				GENERATE_INFOPLIST_FILE = YES;
				IPHONEOS_DEPLOYMENT_TARGET = 17.0;
				MARKETING_VERSION = 1.0;
				PRODUCT_BUNDLE_IDENTIFIER = com.ekenozlu.SlidersTests;
				PRODUCT_NAME = "$(TARGET_NAME)";
				SWIFT_EMIT_LOC_STRINGS = NO;
				SWIFT_VERSION = 5.0;
				TARGETED_DEVICE_FAMILY = "1,2";
				TEST_HOST = "$(BUILT_PRODUCTS_DIR)/Sliders.app/$(BUNDLE_EXECUTABLE_FOLDER_PATH)/Sliders";
			};
			name = Debug;
		};
		630C635F2ACC57E300FD48F8 /* Release */ = {
			isa = XCBuildConfiguration;
			buildSettings = {
				ALWAYS_EMBED_SWIFT_STANDARD_LIBRARIES = YES;
				BUNDLE_LOADER = "$(TEST_HOST)";
				CODE_SIGN_STYLE = Automatic;
				CURRENT_PROJECT_VERSION = 1;
				DEVELOPMENT_TEAM = 637FC6BUKX;
				GENERATE_INFOPLIST_FILE = YES;
				IPHONEOS_DEPLOYMENT_TARGET = 17.0;
				MARKETING_VERSION = 1.0;
				PRODUCT_BUNDLE_IDENTIFIER = com.ekenozlu.SlidersTests;
				PRODUCT_NAME = "$(TARGET_NAME)";
				SWIFT_EMIT_LOC_STRINGS = NO;
				SWIFT_VERSION = 5.0;
				TARGETED_DEVICE_FAMILY = "1,2";
				TEST_HOST = "$(BUILT_PRODUCTS_DIR)/Sliders.app/$(BUNDLE_EXECUTABLE_FOLDER_PATH)/Sliders";
			};
			name = Release;
		};
		630C63612ACC57E300FD48F8 /* Debug */ = {
			isa = XCBuildConfiguration;
			buildSettings = {
				ALWAYS_EMBED_SWIFT_STANDARD_LIBRARIES = YES;
				CODE_SIGN_STYLE = Automatic;
				CURRENT_PROJECT_VERSION = 1;
				DEVELOPMENT_TEAM = 637FC6BUKX;
				GENERATE_INFOPLIST_FILE = YES;
				MARKETING_VERSION = 1.0;
				PRODUCT_BUNDLE_IDENTIFIER = com.ekenozlu.SlidersUITests;
				PRODUCT_NAME = "$(TARGET_NAME)";
				SWIFT_EMIT_LOC_STRINGS = NO;
				SWIFT_VERSION = 5.0;
				TARGETED_DEVICE_FAMILY = "1,2";
				TEST_TARGET_NAME = Sliders;
			};
			name = Debug;
		};
		630C63622ACC57E300FD48F8 /* Release */ = {
			isa = XCBuildConfiguration;
			buildSettings = {
				ALWAYS_EMBED_SWIFT_STANDARD_LIBRARIES = YES;
				CODE_SIGN_STYLE = Automatic;
				CURRENT_PROJECT_VERSION = 1;
				DEVELOPMENT_TEAM = 637FC6BUKX;
				GENERATE_INFOPLIST_FILE = YES;
				MARKETING_VERSION = 1.0;
				PRODUCT_BUNDLE_IDENTIFIER = com.ekenozlu.SlidersUITests;
				PRODUCT_NAME = "$(TARGET_NAME)";
				SWIFT_EMIT_LOC_STRINGS = NO;
				SWIFT_VERSION = 5.0;
				TARGETED_DEVICE_FAMILY = "1,2";
				TEST_TARGET_NAME = Sliders;
			};
			name = Release;
		};
/* End XCBuildConfiguration section */

/* Begin XCConfigurationList section */
		630C632B2ACC57E000FD48F8 /* Build configuration list for PBXProject "Sliders" */ = {
			isa = XCConfigurationList;
			buildConfigurations = (
				630C63582ACC57E300FD48F8 /* Debug */,
				630C63592ACC57E300FD48F8 /* Release */,
			);
			defaultConfigurationIsVisible = 0;
			defaultConfigurationName = Release;
		};
		630C635A2ACC57E300FD48F8 /* Build configuration list for PBXNativeTarget "Sliders" */ = {
			isa = XCConfigurationList;
			buildConfigurations = (
				630C635B2ACC57E300FD48F8 /* Debug */,
				630C635C2ACC57E300FD48F8 /* Release */,
			);
			defaultConfigurationIsVisible = 0;
			defaultConfigurationName = Release;
		};
		630C635D2ACC57E300FD48F8 /* Build configuration list for PBXNativeTarget "SlidersTests" */ = {
			isa = XCConfigurationList;
			buildConfigurations = (
				630C635E2ACC57E300FD48F8 /* Debug */,
				630C635F2ACC57E300FD48F8 /* Release */,
			);
			defaultConfigurationIsVisible = 0;
			defaultConfigurationName = Release;
		};
		630C63602ACC57E300FD48F8 /* Build configuration list for PBXNativeTarget "SlidersUITests" */ = {
			isa = XCConfigurationList;
			buildConfigurations = (
				630C63612ACC57E300FD48F8 /* Debug */,
				630C63622ACC57E300FD48F8 /* Release */,
			);
			defaultConfigurationIsVisible = 0;
			defaultConfigurationName = Release;
		};
/* End XCConfigurationList section */

/* Begin XCRemoteSwiftPackageReference section */
		63688B502ACEB0B500E5D5C5 /* XCRemoteSwiftPackageReference "SnapKit" */ = {
			isa = XCRemoteSwiftPackageReference;
			repositoryURL = "https://github.com/SnapKit/SnapKit";
			requirement = {
				kind = upToNextMajorVersion;
				minimumVersion = 5.6.0;
			};
		};
/* End XCRemoteSwiftPackageReference section */

/* Begin XCSwiftPackageProductDependency section */
		63688B512ACEB0B500E5D5C5 /* SnapKit */ = {
			isa = XCSwiftPackageProductDependency;
			package = 63688B502ACEB0B500E5D5C5 /* XCRemoteSwiftPackageReference "SnapKit" */;
			productName = SnapKit;
		};
		63688B532ACEB0B500E5D5C5 /* SnapKit-Dynamic */ = {
			isa = XCSwiftPackageProductDependency;
			package = 63688B502ACEB0B500E5D5C5 /* XCRemoteSwiftPackageReference "SnapKit" */;
			productName = "SnapKit-Dynamic";
		};
/* End XCSwiftPackageProductDependency section */
	};
	rootObject = 630C63282ACC57E000FD48F8 /* Project object */;
}
