// !$*UTF8*$!
{
	archiveVersion = 1;
	classes = {
	};
	objectVersion = 56;
	objects = {

/* Begin PBXBuildFile section */
		632C8E662ACD87C10043E344 /* AppDelegate.swift in Sources */ = {isa = PBXBuildFile; fileRef = 632C8E652ACD87C10043E344 /* AppDelegate.swift */; };
		632C8E682ACD87C10043E344 /* SceneDelegate.swift in Sources */ = {isa = PBXBuildFile; fileRef = 632C8E672ACD87C10043E344 /* SceneDelegate.swift */; };
		632C8E6A2ACD87C10043E344 /* ViewController.swift in Sources */ = {isa = PBXBuildFile; fileRef = 632C8E692ACD87C10043E344 /* ViewController.swift */; };
		632C8E6F2ACD87C40043E344 /* Assets.xcassets in Resources */ = {isa = PBXBuildFile; fileRef = 632C8E6E2ACD87C40043E344 /* Assets.xcassets */; };
		632C8E722ACD87C40043E344 /* LaunchScreen.storyboard in Resources */ = {isa = PBXBuildFile; fileRef = 632C8E702ACD87C40043E344 /* LaunchScreen.storyboard */; };
		632C8E7D2ACD87C40043E344 /* ProgressViewTests.swift in Sources */ = {isa = PBXBuildFile; fileRef = 632C8E7C2ACD87C40043E344 /* ProgressViewTests.swift */; };
		632C8E872ACD87C40043E344 /* ProgressViewUITests.swift in Sources */ = {isa = PBXBuildFile; fileRef = 632C8E862ACD87C40043E344 /* ProgressViewUITests.swift */; };
		632C8E892ACD87C40043E344 /* ProgressViewUITestsLaunchTests.swift in Sources */ = {isa = PBXBuildFile; fileRef = 632C8E882ACD87C40043E344 /* ProgressViewUITestsLaunchTests.swift */; };
		63688B702ACEC81800E5D5C5 /* SnapKit in Frameworks */ = {isa = PBXBuildFile; productRef = 63688B6F2ACEC81800E5D5C5 /* SnapKit */; };
		63688B722ACEC81800E5D5C5 /* SnapKit-Dynamic in Frameworks */ = {isa = PBXBuildFile; productRef = 63688B712ACEC81800E5D5C5 /* SnapKit-Dynamic */; };
/* End PBXBuildFile section */

/* Begin PBXContainerItemProxy section */
		632C8E792ACD87C40043E344 /* PBXContainerItemProxy */ = {
			isa = PBXContainerItemProxy;
			containerPortal = 632C8E5A2ACD87C10043E344 /* Project object */;
			proxyType = 1;
			remoteGlobalIDString = 632C8E612ACD87C10043E344;
			remoteInfo = ProgressView;
		};
		632C8E832ACD87C40043E344 /* PBXContainerItemProxy */ = {
			isa = PBXContainerItemProxy;
			containerPortal = 632C8E5A2ACD87C10043E344 /* Project object */;
			proxyType = 1;
			remoteGlobalIDString = 632C8E612ACD87C10043E344;
			remoteInfo = ProgressView;
		};
/* End PBXContainerItemProxy section */

/* Begin PBXFileReference section */
		632C8E622ACD87C10043E344 /* ProgressView.app */ = {isa = PBXFileReference; explicitFileType = wrapper.application; includeInIndex = 0; path = ProgressView.app; sourceTree = BUILT_PRODUCTS_DIR; };
		632C8E652ACD87C10043E344 /* AppDelegate.swift */ = {isa = PBXFileReference; lastKnownFileType = sourcecode.swift; path = AppDelegate.swift; sourceTree = "<group>"; };
		632C8E672ACD87C10043E344 /* SceneDelegate.swift */ = {isa = PBXFileReference; lastKnownFileType = sourcecode.swift; path = SceneDelegate.swift; sourceTree = "<group>"; };
		632C8E692ACD87C10043E344 /* ViewController.swift */ = {isa = PBXFileReference; lastKnownFileType = sourcecode.swift; path = ViewController.swift; sourceTree = "<group>"; };
		632C8E6E2ACD87C40043E344 /* Assets.xcassets */ = {isa = PBXFileReference; lastKnownFileType = folder.assetcatalog; path = Assets.xcassets; sourceTree = "<group>"; };
		632C8E712ACD87C40043E344 /* Base */ = {isa = PBXFileReference; lastKnownFileType = file.storyboard; name = Base; path = Base.lproj/LaunchScreen.storyboard; sourceTree = "<group>"; };
		632C8E732ACD87C40043E344 /* Info.plist */ = {isa = PBXFileReference; lastKnownFileType = text.plist.xml; path = Info.plist; sourceTree = "<group>"; };
		632C8E782ACD87C40043E344 /* ProgressViewTests.xctest */ = {isa = PBXFileReference; explicitFileType = wrapper.cfbundle; includeInIndex = 0; path = ProgressViewTests.xctest; sourceTree = BUILT_PRODUCTS_DIR; };
		632C8E7C2ACD87C40043E344 /* ProgressViewTests.swift */ = {isa = PBXFileReference; lastKnownFileType = sourcecode.swift; path = ProgressViewTests.swift; sourceTree = "<group>"; };
		632C8E822ACD87C40043E344 /* ProgressViewUITests.xctest */ = {isa = PBXFileReference; explicitFileType = wrapper.cfbundle; includeInIndex = 0; path = ProgressViewUITests.xctest; sourceTree = BUILT_PRODUCTS_DIR; };
		632C8E862ACD87C40043E344 /* ProgressViewUITests.swift */ = {isa = PBXFileReference; lastKnownFileType = sourcecode.swift; path = ProgressViewUITests.swift; sourceTree = "<group>"; };
		632C8E882ACD87C40043E344 /* ProgressViewUITestsLaunchTests.swift */ = {isa = PBXFileReference; lastKnownFileType = sourcecode.swift; path = ProgressViewUITestsLaunchTests.swift; sourceTree = "<group>"; };
/* End PBXFileReference section */

/* Begin PBXFrameworksBuildPhase section */
		632C8E5F2ACD87C10043E344 /* Frameworks */ = {
			isa = PBXFrameworksBuildPhase;
			buildActionMask = 2147483647;
			files = (
				63688B702ACEC81800E5D5C5 /* SnapKit in Frameworks */,
				63688B722ACEC81800E5D5C5 /* SnapKit-Dynamic in Frameworks */,
			);
			runOnlyForDeploymentPostprocessing = 0;
		};
		632C8E752ACD87C40043E344 /* Frameworks */ = {
			isa = PBXFrameworksBuildPhase;
			buildActionMask = 2147483647;
			files = (
			);
			runOnlyForDeploymentPostprocessing = 0;
		};
		632C8E7F2ACD87C40043E344 /* Frameworks */ = {
			isa = PBXFrameworksBuildPhase;
			buildActionMask = 2147483647;
			files = (
			);
			runOnlyForDeploymentPostprocessing = 0;
		};
/* End PBXFrameworksBuildPhase section */

/* Begin PBXGroup section */
		632C8E592ACD87C10043E344 = {
			isa = PBXGroup;
			children = (
				632C8E642ACD87C10043E344 /* ProgressView */,
				632C8E7B2ACD87C40043E344 /* ProgressViewTests */,
				632C8E852ACD87C40043E344 /* ProgressViewUITests */,
				632C8E632ACD87C10043E344 /* Products */,
			);
			sourceTree = "<group>";
		};
		632C8E632ACD87C10043E344 /* Products */ = {
			isa = PBXGroup;
			children = (
				632C8E622ACD87C10043E344 /* ProgressView.app */,
				632C8E782ACD87C40043E344 /* ProgressViewTests.xctest */,
				632C8E822ACD87C40043E344 /* ProgressViewUITests.xctest */,
			);
			name = Products;
			sourceTree = "<group>";
		};
		632C8E642ACD87C10043E344 /* ProgressView */ = {
			isa = PBXGroup;
			children = (
				632C8E652ACD87C10043E344 /* AppDelegate.swift */,
				632C8E672ACD87C10043E344 /* SceneDelegate.swift */,
				632C8E692ACD87C10043E344 /* ViewController.swift */,
				632C8E6E2ACD87C40043E344 /* Assets.xcassets */,
				632C8E702ACD87C40043E344 /* LaunchScreen.storyboard */,
				632C8E732ACD87C40043E344 /* Info.plist */,
			);
			path = ProgressView;
			sourceTree = "<group>";
		};
		632C8E7B2ACD87C40043E344 /* ProgressViewTests */ = {
			isa = PBXGroup;
			children = (
				632C8E7C2ACD87C40043E344 /* ProgressViewTests.swift */,
			);
			path = ProgressViewTests;
			sourceTree = "<group>";
		};
		632C8E852ACD87C40043E344 /* ProgressViewUITests */ = {
			isa = PBXGroup;
			children = (
				632C8E862ACD87C40043E344 /* ProgressViewUITests.swift */,
				632C8E882ACD87C40043E344 /* ProgressViewUITestsLaunchTests.swift */,
			);
			path = ProgressViewUITests;
			sourceTree = "<group>";
		};
/* End PBXGroup section */

/* Begin PBXNativeTarget section */
		632C8E612ACD87C10043E344 /* ProgressView */ = {
			isa = PBXNativeTarget;
			buildConfigurationList = 632C8E8C2ACD87C40043E344 /* Build configuration list for PBXNativeTarget "ProgressView" */;
			buildPhases = (
				632C8E5E2ACD87C10043E344 /* Sources */,
				632C8E5F2ACD87C10043E344 /* Frameworks */,
				632C8E602ACD87C10043E344 /* Resources */,
			);
			buildRules = (
			);
			dependencies = (
			);
			name = ProgressView;
			packageProductDependencies = (
				63688B6F2ACEC81800E5D5C5 /* SnapKit */,
				63688B712ACEC81800E5D5C5 /* SnapKit-Dynamic */,
			);
			productName = ProgressView;
			productReference = 632C8E622ACD87C10043E344 /* ProgressView.app */;
			productType = "com.apple.product-type.application";
		};
		632C8E772ACD87C40043E344 /* ProgressViewTests */ = {
			isa = PBXNativeTarget;
			buildConfigurationList = 632C8E8F2ACD87C40043E344 /* Build configuration list for PBXNativeTarget "ProgressViewTests" */;
			buildPhases = (
				632C8E742ACD87C40043E344 /* Sources */,
				632C8E752ACD87C40043E344 /* Frameworks */,
				632C8E762ACD87C40043E344 /* Resources */,
			);
			buildRules = (
			);
			dependencies = (
				632C8E7A2ACD87C40043E344 /* PBXTargetDependency */,
			);
			name = ProgressViewTests;
			productName = ProgressViewTests;
			productReference = 632C8E782ACD87C40043E344 /* ProgressViewTests.xctest */;
			productType = "com.apple.product-type.bundle.unit-test";
		};
		632C8E812ACD87C40043E344 /* ProgressViewUITests */ = {
			isa = PBXNativeTarget;
			buildConfigurationList = 632C8E922ACD87C40043E344 /* Build configuration list for PBXNativeTarget "ProgressViewUITests" */;
			buildPhases = (
				632C8E7E2ACD87C40043E344 /* Sources */,
				632C8E7F2ACD87C40043E344 /* Frameworks */,
				632C8E802ACD87C40043E344 /* Resources */,
			);
			buildRules = (
			);
			dependencies = (
				632C8E842ACD87C40043E344 /* PBXTargetDependency */,
			);
			name = ProgressViewUITests;
			productName = ProgressViewUITests;
			productReference = 632C8E822ACD87C40043E344 /* ProgressViewUITests.xctest */;
			productType = "com.apple.product-type.bundle.ui-testing";
		};
/* End PBXNativeTarget section */

/* Begin PBXProject section */
		632C8E5A2ACD87C10043E344 /* Project object */ = {
			isa = PBXProject;
			attributes = {
				BuildIndependentTargetsInParallel = 1;
				LastSwiftUpdateCheck = 1500;
				LastUpgradeCheck = 1500;
				TargetAttributes = {
					632C8E612ACD87C10043E344 = {
						CreatedOnToolsVersion = 15.0;
					};
					632C8E772ACD87C40043E344 = {
						CreatedOnToolsVersion = 15.0;
						TestTargetID = 632C8E612ACD87C10043E344;
					};
					632C8E812ACD87C40043E344 = {
						CreatedOnToolsVersion = 15.0;
						TestTargetID = 632C8E612ACD87C10043E344;
					};
				};
			};
			buildConfigurationList = 632C8E5D2ACD87C10043E344 /* Build configuration list for PBXProject "ProgressView" */;
			compatibilityVersion = "Xcode 14.0";
			developmentRegion = en;
			hasScannedForEncodings = 0;
			knownRegions = (
				en,
				Base,
			);
			mainGroup = 632C8E592ACD87C10043E344;
			packageReferences = (
				63688B6E2ACEC81800E5D5C5 /* XCRemoteSwiftPackageReference "SnapKit" */,
			);
			productRefGroup = 632C8E632ACD87C10043E344 /* Products */;
			projectDirPath = "";
			projectRoot = "";
			targets = (
				632C8E612ACD87C10043E344 /* ProgressView */,
				632C8E772ACD87C40043E344 /* ProgressViewTests */,
				632C8E812ACD87C40043E344 /* ProgressViewUITests */,
			);
		};
/* End PBXProject section */

/* Begin PBXResourcesBuildPhase section */
		632C8E602ACD87C10043E344 /* Resources */ = {
			isa = PBXResourcesBuildPhase;
			buildActionMask = 2147483647;
			files = (
				632C8E722ACD87C40043E344 /* LaunchScreen.storyboard in Resources */,
				632C8E6F2ACD87C40043E344 /* Assets.xcassets in Resources */,
			);
			runOnlyForDeploymentPostprocessing = 0;
		};
		632C8E762ACD87C40043E344 /* Resources */ = {
			isa = PBXResourcesBuildPhase;
			buildActionMask = 2147483647;
			files = (
			);
			runOnlyForDeploymentPostprocessing = 0;
		};
		632C8E802ACD87C40043E344 /* Resources */ = {
			isa = PBXResourcesBuildPhase;
			buildActionMask = 2147483647;
			files = (
			);
			runOnlyForDeploymentPostprocessing = 0;
		};
/* End PBXResourcesBuildPhase section */

/* Begin PBXSourcesBuildPhase section */
		632C8E5E2ACD87C10043E344 /* Sources */ = {
			isa = PBXSourcesBuildPhase;
			buildActionMask = 2147483647;
			files = (
				632C8E6A2ACD87C10043E344 /* ViewController.swift in Sources */,
				632C8E662ACD87C10043E344 /* AppDelegate.swift in Sources */,
				632C8E682ACD87C10043E344 /* SceneDelegate.swift in Sources */,
			);
			runOnlyForDeploymentPostprocessing = 0;
		};
		632C8E742ACD87C40043E344 /* Sources */ = {
			isa = PBXSourcesBuildPhase;
			buildActionMask = 2147483647;
			files = (
				632C8E7D2ACD87C40043E344 /* ProgressViewTests.swift in Sources */,
			);
			runOnlyForDeploymentPostprocessing = 0;
		};
		632C8E7E2ACD87C40043E344 /* Sources */ = {
			isa = PBXSourcesBuildPhase;
			buildActionMask = 2147483647;
			files = (
				632C8E892ACD87C40043E344 /* ProgressViewUITestsLaunchTests.swift in Sources */,
				632C8E872ACD87C40043E344 /* ProgressViewUITests.swift in Sources */,
			);
			runOnlyForDeploymentPostprocessing = 0;
		};
/* End PBXSourcesBuildPhase section */

/* Begin PBXTargetDependency section */
		632C8E7A2ACD87C40043E344 /* PBXTargetDependency */ = {
			isa = PBXTargetDependency;
			target = 632C8E612ACD87C10043E344 /* ProgressView */;
			targetProxy = 632C8E792ACD87C40043E344 /* PBXContainerItemProxy */;
		};
		632C8E842ACD87C40043E344 /* PBXTargetDependency */ = {
			isa = PBXTargetDependency;
			target = 632C8E612ACD87C10043E344 /* ProgressView */;
			targetProxy = 632C8E832ACD87C40043E344 /* PBXContainerItemProxy */;
		};
/* End PBXTargetDependency section */

/* Begin PBXVariantGroup section */
		632C8E702ACD87C40043E344 /* LaunchScreen.storyboard */ = {
			isa = PBXVariantGroup;
			children = (
				632C8E712ACD87C40043E344 /* Base */,
			);
			name = LaunchScreen.storyboard;
			sourceTree = "<group>";
		};
/* End PBXVariantGroup section */

/* Begin XCBuildConfiguration section */
		632C8E8A2ACD87C40043E344 /* Debug */ = {
			isa = XCBuildConfiguration;
			buildSettings = {
				ALWAYS_SEARCH_USER_PATHS = NO;
				ASSETCATALOG_COMPILER_GENERATE_SWIFT_ASSET_SYMBOL_EXTENSIONS = YES;
				CLANG_ANALYZER_NONNULL = YES;
				CLANG_ANALYZER_NUMBER_OBJECT_CONVERSION = YES_AGGRESSIVE;
				CLANG_CXX_LANGUAGE_STANDARD = "gnu++20";
				CLANG_ENABLE_MODULES = YES;
				CLANG_ENABLE_OBJC_ARC = YES;
				CLANG_ENABLE_OBJC_WEAK = YES;
				CLANG_WARN_BLOCK_CAPTURE_AUTORELEASING = YES;
				CLANG_WARN_BOOL_CONVERSION = YES;
				CLANG_WARN_COMMA = YES;
				CLANG_WARN_CONSTANT_CONVERSION = YES;
				CLANG_WARN_DEPRECATED_OBJC_IMPLEMENTATIONS = YES;
				CLANG_WARN_DIRECT_OBJC_ISA_USAGE = YES_ERROR;
				CLANG_WARN_DOCUMENTATION_COMMENTS = YES;
				CLANG_WARN_EMPTY_BODY = YES;
				CLANG_WARN_ENUM_CONVERSION = YES;
				CLANG_WARN_INFINITE_RECURSION = YES;
				CLANG_WARN_INT_CONVERSION = YES;
				CLANG_WARN_NON_LITERAL_NULL_CONVERSION = YES;
				CLANG_WARN_OBJC_IMPLICIT_RETAIN_SELF = YES;
				CLANG_WARN_OBJC_LITERAL_CONVERSION = YES;
				CLANG_WARN_OBJC_ROOT_CLASS = YES_ERROR;
				CLANG_WARN_QUOTED_INCLUDE_IN_FRAMEWORK_HEADER = YES;
				CLANG_WARN_RANGE_LOOP_ANALYSIS = YES;
				CLANG_WARN_STRICT_PROTOTYPES = YES;
				CLANG_WARN_SUSPICIOUS_MOVE = YES;
				CLANG_WARN_UNGUARDED_AVAILABILITY = YES_AGGRESSIVE;
				CLANG_WARN_UNREACHABLE_CODE = YES;
				CLANG_WARN__DUPLICATE_METHOD_MATCH = YES;
				COPY_PHASE_STRIP = NO;
				DEBUG_INFORMATION_FORMAT = dwarf;
				ENABLE_STRICT_OBJC_MSGSEND = YES;
				ENABLE_TESTABILITY = YES;
				ENABLE_USER_SCRIPT_SANDBOXING = YES;
				GCC_C_LANGUAGE_STANDARD = gnu17;
				GCC_DYNAMIC_NO_PIC = NO;
				GCC_NO_COMMON_BLOCKS = YES;
				GCC_OPTIMIZATION_LEVEL = 0;
				GCC_PREPROCESSOR_DEFINITIONS = (
					"DEBUG=1",
					"$(inherited)",
				);
				GCC_WARN_64_TO_32_BIT_CONVERSION = YES;
				GCC_WARN_ABOUT_RETURN_TYPE = YES_ERROR;
				GCC_WARN_UNDECLARED_SELECTOR = YES;
				GCC_WARN_UNINITIALIZED_AUTOS = YES_AGGRESSIVE;
				GCC_WARN_UNUSED_FUNCTION = YES;
				GCC_WARN_UNUSED_VARIABLE = YES;
				IPHONEOS_DEPLOYMENT_TARGET = 17.0;
				LOCALIZATION_PREFERS_STRING_CATALOGS = YES;
				MTL_ENABLE_DEBUG_INFO = INCLUDE_SOURCE;
				MTL_FAST_MATH = YES;
				ONLY_ACTIVE_ARCH = YES;
				SDKROOT = iphoneos;
				SWIFT_ACTIVE_COMPILATION_CONDITIONS = "DEBUG $(inherited)";
				SWIFT_OPTIMIZATION_LEVEL = "-Onone";
			};
			name = Debug;
		};
		632C8E8B2ACD87C40043E344 /* Release */ = {
			isa = XCBuildConfiguration;
			buildSettings = {
				ALWAYS_SEARCH_USER_PATHS = NO;
				ASSETCATALOG_COMPILER_GENERATE_SWIFT_ASSET_SYMBOL_EXTENSIONS = YES;
				CLANG_ANALYZER_NONNULL = YES;
				CLANG_ANALYZER_NUMBER_OBJECT_CONVERSION = YES_AGGRESSIVE;
				CLANG_CXX_LANGUAGE_STANDARD = "gnu++20";
				CLANG_ENABLE_MODULES = YES;
				CLANG_ENABLE_OBJC_ARC = YES;
				CLANG_ENABLE_OBJC_WEAK = YES;
				CLANG_WARN_BLOCK_CAPTURE_AUTORELEASING = YES;
				CLANG_WARN_BOOL_CONVERSION = YES;
				CLANG_WARN_COMMA = YES;
				CLANG_WARN_CONSTANT_CONVERSION = YES;
				CLANG_WARN_DEPRECATED_OBJC_IMPLEMENTATIONS = YES;
				CLANG_WARN_DIRECT_OBJC_ISA_USAGE = YES_ERROR;
				CLANG_WARN_DOCUMENTATION_COMMENTS = YES;
				CLANG_WARN_EMPTY_BODY = YES;
				CLANG_WARN_ENUM_CONVERSION = YES;
				CLANG_WARN_INFINITE_RECURSION = YES;
				CLANG_WARN_INT_CONVERSION = YES;
				CLANG_WARN_NON_LITERAL_NULL_CONVERSION = YES;
				CLANG_WARN_OBJC_IMPLICIT_RETAIN_SELF = YES;
				CLANG_WARN_OBJC_LITERAL_CONVERSION = YES;
				CLANG_WARN_OBJC_ROOT_CLASS = YES_ERROR;
				CLANG_WARN_QUOTED_INCLUDE_IN_FRAMEWORK_HEADER = YES;
				CLANG_WARN_RANGE_LOOP_ANALYSIS = YES;
				CLANG_WARN_STRICT_PROTOTYPES = YES;
				CLANG_WARN_SUSPICIOUS_MOVE = YES;
				CLANG_WARN_UNGUARDED_AVAILABILITY = YES_AGGRESSIVE;
				CLANG_WARN_UNREACHABLE_CODE = YES;
				CLANG_WARN__DUPLICATE_METHOD_MATCH = YES;
				COPY_PHASE_STRIP = NO;
				DEBUG_INFORMATION_FORMAT = "dwarf-with-dsym";
				ENABLE_NS_ASSERTIONS = NO;
				ENABLE_STRICT_OBJC_MSGSEND = YES;
				ENABLE_USER_SCRIPT_SANDBOXING = YES;
				GCC_C_LANGUAGE_STANDARD = gnu17;
				GCC_NO_COMMON_BLOCKS = YES;
				GCC_WARN_64_TO_32_BIT_CONVERSION = YES;
				GCC_WARN_ABOUT_RETURN_TYPE = YES_ERROR;
				GCC_WARN_UNDECLARED_SELECTOR = YES;
				GCC_WARN_UNINITIALIZED_AUTOS = YES_AGGRESSIVE;
				GCC_WARN_UNUSED_FUNCTION = YES;
				GCC_WARN_UNUSED_VARIABLE = YES;
				IPHONEOS_DEPLOYMENT_TARGET = 17.0;
				LOCALIZATION_PREFERS_STRING_CATALOGS = YES;
				MTL_ENABLE_DEBUG_INFO = NO;
				MTL_FAST_MATH = YES;
				SDKROOT = iphoneos;
				SWIFT_COMPILATION_MODE = wholemodule;
				VALIDATE_PRODUCT = YES;
			};
			name = Release;
		};
		632C8E8D2ACD87C40043E344 /* Debug */ = {
			isa = XCBuildConfiguration;
			buildSettings = {
				ASSETCATALOG_COMPILER_APPICON_NAME = AppIcon;
				ASSETCATALOG_COMPILER_GLOBAL_ACCENT_COLOR_NAME = AccentColor;
				CODE_SIGN_STYLE = Automatic;
				CURRENT_PROJECT_VERSION = 1;
				DEVELOPMENT_TEAM = 637FC6BUKX;
				GENERATE_INFOPLIST_FILE = YES;
				INFOPLIST_FILE = ProgressView/Info.plist;
				INFOPLIST_KEY_UIApplicationSupportsIndirectInputEvents = YES;
				INFOPLIST_KEY_UILaunchStoryboardName = LaunchScreen;
				INFOPLIST_KEY_UISupportedInterfaceOrientations_iPad = "UIInterfaceOrientationPortrait UIInterfaceOrientationPortraitUpsideDown UIInterfaceOrientationLandscapeLeft UIInterfaceOrientationLandscapeRight";
				INFOPLIST_KEY_UISupportedInterfaceOrientations_iPhone = "UIInterfaceOrientationPortrait UIInterfaceOrientationLandscapeLeft UIInterfaceOrientationLandscapeRight";
				LD_RUNPATH_SEARCH_PATHS = (
					"$(inherited)",
					"@executable_path/Frameworks",
				);
				MARKETING_VERSION = 1.0;
				PRODUCT_BUNDLE_IDENTIFIER = com.ekenozlu.ProgressView;
				PRODUCT_NAME = "$(TARGET_NAME)";
				SWIFT_EMIT_LOC_STRINGS = YES;
				SWIFT_VERSION = 5.0;
				TARGETED_DEVICE_FAMILY = "1,2";
			};
			name = Debug;
		};
		632C8E8E2ACD87C40043E344 /* Release */ = {
			isa = XCBuildConfiguration;
			buildSettings = {
				ASSETCATALOG_COMPILER_APPICON_NAME = AppIcon;
				ASSETCATALOG_COMPILER_GLOBAL_ACCENT_COLOR_NAME = AccentColor;
				CODE_SIGN_STYLE = Automatic;
				CURRENT_PROJECT_VERSION = 1;
				DEVELOPMENT_TEAM = 637FC6BUKX;
				GENERATE_INFOPLIST_FILE = YES;
				INFOPLIST_FILE = ProgressView/Info.plist;
				INFOPLIST_KEY_UIApplicationSupportsIndirectInputEvents = YES;
				INFOPLIST_KEY_UILaunchStoryboardName = LaunchScreen;
				INFOPLIST_KEY_UISupportedInterfaceOrientations_iPad = "UIInterfaceOrientationPortrait UIInterfaceOrientationPortraitUpsideDown UIInterfaceOrientationLandscapeLeft UIInterfaceOrientationLandscapeRight";
				INFOPLIST_KEY_UISupportedInterfaceOrientations_iPhone = "UIInterfaceOrientationPortrait UIInterfaceOrientationLandscapeLeft UIInterfaceOrientationLandscapeRight";
				LD_RUNPATH_SEARCH_PATHS = (
					"$(inherited)",
					"@executable_path/Frameworks",
				);
				MARKETING_VERSION = 1.0;
				PRODUCT_BUNDLE_IDENTIFIER = com.ekenozlu.ProgressView;
				PRODUCT_NAME = "$(TARGET_NAME)";
				SWIFT_EMIT_LOC_STRINGS = YES;
				SWIFT_VERSION = 5.0;
				TARGETED_DEVICE_FAMILY = "1,2";
			};
			name = Release;
		};
		632C8E902ACD87C40043E344 /* Debug */ = {
			isa = XCBuildConfiguration;
			buildSettings = {
				ALWAYS_EMBED_SWIFT_STANDARD_LIBRARIES = YES;
				BUNDLE_LOADER = "$(TEST_HOST)";
				CODE_SIGN_STYLE = Automatic;
				CURRENT_PROJECT_VERSION = 1;
				DEVELOPMENT_TEAM = 637FC6BUKX;
				GENERATE_INFOPLIST_FILE = YES;
				IPHONEOS_DEPLOYMENT_TARGET = 17.0;
				MARKETING_VERSION = 1.0;
				PRODUCT_BUNDLE_IDENTIFIER = com.ekenozlu.ProgressViewTests;
				PRODUCT_NAME = "$(TARGET_NAME)";
				SWIFT_EMIT_LOC_STRINGS = NO;
				SWIFT_VERSION = 5.0;
				TARGETED_DEVICE_FAMILY = "1,2";
				TEST_HOST = "$(BUILT_PRODUCTS_DIR)/ProgressView.app/$(BUNDLE_EXECUTABLE_FOLDER_PATH)/ProgressView";
			};
			name = Debug;
		};
		632C8E912ACD87C40043E344 /* Release */ = {
			isa = XCBuildConfiguration;
			buildSettings = {
				ALWAYS_EMBED_SWIFT_STANDARD_LIBRARIES = YES;
				BUNDLE_LOADER = "$(TEST_HOST)";
				CODE_SIGN_STYLE = Automatic;
				CURRENT_PROJECT_VERSION = 1;
				DEVELOPMENT_TEAM = 637FC6BUKX;
				GENERATE_INFOPLIST_FILE = YES;
				IPHONEOS_DEPLOYMENT_TARGET = 17.0;
				MARKETING_VERSION = 1.0;
				PRODUCT_BUNDLE_IDENTIFIER = com.ekenozlu.ProgressViewTests;
				PRODUCT_NAME = "$(TARGET_NAME)";
				SWIFT_EMIT_LOC_STRINGS = NO;
				SWIFT_VERSION = 5.0;
				TARGETED_DEVICE_FAMILY = "1,2";
				TEST_HOST = "$(BUILT_PRODUCTS_DIR)/ProgressView.app/$(BUNDLE_EXECUTABLE_FOLDER_PATH)/ProgressView";
			};
			name = Release;
		};
		632C8E932ACD87C40043E344 /* Debug */ = {
			isa = XCBuildConfiguration;
			buildSettings = {
				ALWAYS_EMBED_SWIFT_STANDARD_LIBRARIES = YES;
				CODE_SIGN_STYLE = Automatic;
				CURRENT_PROJECT_VERSION = 1;
				DEVELOPMENT_TEAM = 637FC6BUKX;
				GENERATE_INFOPLIST_FILE = YES;
				MARKETING_VERSION = 1.0;
				PRODUCT_BUNDLE_IDENTIFIER = com.ekenozlu.ProgressViewUITests;
				PRODUCT_NAME = "$(TARGET_NAME)";
				SWIFT_EMIT_LOC_STRINGS = NO;
				SWIFT_VERSION = 5.0;
				TARGETED_DEVICE_FAMILY = "1,2";
				TEST_TARGET_NAME = ProgressView;
			};
			name = Debug;
		};
		632C8E942ACD87C40043E344 /* Release */ = {
			isa = XCBuildConfiguration;
			buildSettings = {
				ALWAYS_EMBED_SWIFT_STANDARD_LIBRARIES = YES;
				CODE_SIGN_STYLE = Automatic;
				CURRENT_PROJECT_VERSION = 1;
				DEVELOPMENT_TEAM = 637FC6BUKX;
				GENERATE_INFOPLIST_FILE = YES;
				MARKETING_VERSION = 1.0;
				PRODUCT_BUNDLE_IDENTIFIER = com.ekenozlu.ProgressViewUITests;
				PRODUCT_NAME = "$(TARGET_NAME)";
				SWIFT_EMIT_LOC_STRINGS = NO;
				SWIFT_VERSION = 5.0;
				TARGETED_DEVICE_FAMILY = "1,2";
				TEST_TARGET_NAME = ProgressView;
			};
			name = Release;
		};
/* End XCBuildConfiguration section */

/* Begin XCConfigurationList section */
		632C8E5D2ACD87C10043E344 /* Build configuration list for PBXProject "ProgressView" */ = {
			isa = XCConfigurationList;
			buildConfigurations = (
				632C8E8A2ACD87C40043E344 /* Debug */,
				632C8E8B2ACD87C40043E344 /* Release */,
			);
			defaultConfigurationIsVisible = 0;
			defaultConfigurationName = Release;
		};
		632C8E8C2ACD87C40043E344 /* Build configuration list for PBXNativeTarget "ProgressView" */ = {
			isa = XCConfigurationList;
			buildConfigurations = (
				632C8E8D2ACD87C40043E344 /* Debug */,
				632C8E8E2ACD87C40043E344 /* Release */,
			);
			defaultConfigurationIsVisible = 0;
			defaultConfigurationName = Release;
		};
		632C8E8F2ACD87C40043E344 /* Build configuration list for PBXNativeTarget "ProgressViewTests" */ = {
			isa = XCConfigurationList;
			buildConfigurations = (
				632C8E902ACD87C40043E344 /* Debug */,
				632C8E912ACD87C40043E344 /* Release */,
			);
			defaultConfigurationIsVisible = 0;
			defaultConfigurationName = Release;
		};
		632C8E922ACD87C40043E344 /* Build configuration list for PBXNativeTarget "ProgressViewUITests" */ = {
			isa = XCConfigurationList;
			buildConfigurations = (
				632C8E932ACD87C40043E344 /* Debug */,
				632C8E942ACD87C40043E344 /* Release */,
			);
			defaultConfigurationIsVisible = 0;
			defaultConfigurationName = Release;
		};
/* End XCConfigurationList section */

/* Begin XCRemoteSwiftPackageReference section */
		63688B6E2ACEC81800E5D5C5 /* XCRemoteSwiftPackageReference "SnapKit" */ = {
			isa = XCRemoteSwiftPackageReference;
			repositoryURL = "https://github.com/SnapKit/SnapKit";
			requirement = {
				kind = upToNextMajorVersion;
				minimumVersion = 5.6.0;
			};
		};
/* End XCRemoteSwiftPackageReference section */

/* Begin XCSwiftPackageProductDependency section */
		63688B6F2ACEC81800E5D5C5 /* SnapKit */ = {
			isa = XCSwiftPackageProductDependency;
			package = 63688B6E2ACEC81800E5D5C5 /* XCRemoteSwiftPackageReference "SnapKit" */;
			productName = SnapKit;
		};
		63688B712ACEC81800E5D5C5 /* SnapKit-Dynamic */ = {
			isa = XCSwiftPackageProductDependency;
			package = 63688B6E2ACEC81800E5D5C5 /* XCRemoteSwiftPackageReference "SnapKit" */;
			productName = "SnapKit-Dynamic";
		};
/* End XCSwiftPackageProductDependency section */
	};
	rootObject = 632C8E5A2ACD87C10043E344 /* Project object */;
}
