// !$*UTF8*$!
{
	archiveVersion = 1;
	classes = {
	};
	objectVersion = 56;
	objects = {

/* Begin PBXBuildFile section */
		63FBAE532AD540530048E522 /* AppDelegate.swift in Sources */ = {isa = PBXBuildFile; fileRef = 63FBAE522AD540530048E522 /* AppDelegate.swift */; };
		63FBAE552AD540530048E522 /* SceneDelegate.swift in Sources */ = {isa = PBXBuildFile; fileRef = 63FBAE542AD540530048E522 /* SceneDelegate.swift */; };
		63FBAE572AD540530048E522 /* ViewController.swift in Sources */ = {isa = PBXBuildFile; fileRef = 63FBAE562AD540530048E522 /* ViewController.swift */; };
		63FBAE5C2AD540560048E522 /* Assets.xcassets in Resources */ = {isa = PBXBuildFile; fileRef = 63FBAE5B2AD540560048E522 /* Assets.xcassets */; };
		63FBAE5F2AD540560048E522 /* LaunchScreen.storyboard in Resources */ = {isa = PBXBuildFile; fileRef = 63FBAE5D2AD540560048E522 /* LaunchScreen.storyboard */; };
		63FBAE682AD540FF0048E522 /* SnapKit in Frameworks */ = {isa = PBXBuildFile; productRef = 63FBAE672AD540FF0048E522 /* SnapKit */; };
		63FBAE6A2AD540FF0048E522 /* SnapKit-Dynamic in Frameworks */ = {isa = PBXBuildFile; productRef = 63FBAE692AD540FF0048E522 /* SnapKit-Dynamic */; };
		63FBAE6C2AD541D60048E522 /* SecondVC.swift in Sources */ = {isa = PBXBuildFile; fileRef = 63FBAE6B2AD541D60048E522 /* SecondVC.swift */; };
		63FBAE6E2AD542600048E522 /* ThirdVC.swift in Sources */ = {isa = PBXBuildFile; fileRef = 63FBAE6D2AD542600048E522 /* ThirdVC.swift */; };
		63FBAE712AD544CD0048E522 /* GoogleMobileAds in Frameworks */ = {isa = PBXBuildFile; productRef = 63FBAE702AD544CD0048E522 /* GoogleMobileAds */; };
/* End PBXBuildFile section */

/* Begin PBXFileReference section */
		63FBAE4F2AD540530048E522 /* AdMobDemo.app */ = {isa = PBXFileReference; explicitFileType = wrapper.application; includeInIndex = 0; path = AdMobDemo.app; sourceTree = BUILT_PRODUCTS_DIR; };
		63FBAE522AD540530048E522 /* AppDelegate.swift */ = {isa = PBXFileReference; lastKnownFileType = sourcecode.swift; path = AppDelegate.swift; sourceTree = "<group>"; };
		63FBAE542AD540530048E522 /* SceneDelegate.swift */ = {isa = PBXFileReference; lastKnownFileType = sourcecode.swift; path = SceneDelegate.swift; sourceTree = "<group>"; };
		63FBAE562AD540530048E522 /* ViewController.swift */ = {isa = PBXFileReference; lastKnownFileType = sourcecode.swift; path = ViewController.swift; sourceTree = "<group>"; };
		63FBAE5B2AD540560048E522 /* Assets.xcassets */ = {isa = PBXFileReference; lastKnownFileType = folder.assetcatalog; path = Assets.xcassets; sourceTree = "<group>"; };
		63FBAE5E2AD540560048E522 /* Base */ = {isa = PBXFileReference; lastKnownFileType = file.storyboard; name = Base; path = Base.lproj/LaunchScreen.storyboard; sourceTree = "<group>"; };
		63FBAE602AD540560048E522 /* Info.plist */ = {isa = PBXFileReference; lastKnownFileType = text.plist.xml; path = Info.plist; sourceTree = "<group>"; };
		63FBAE6B2AD541D60048E522 /* SecondVC.swift */ = {isa = PBXFileReference; lastKnownFileType = sourcecode.swift; path = SecondVC.swift; sourceTree = "<group>"; };
		63FBAE6D2AD542600048E522 /* ThirdVC.swift */ = {isa = PBXFileReference; lastKnownFileType = sourcecode.swift; path = ThirdVC.swift; sourceTree = "<group>"; };
/* End PBXFileReference section */

/* Begin PBXFrameworksBuildPhase section */
		63FBAE4C2AD540530048E522 /* Frameworks */ = {
			isa = PBXFrameworksBuildPhase;
			buildActionMask = 2147483647;
			files = (
				63FBAE712AD544CD0048E522 /* GoogleMobileAds in Frameworks */,
				63FBAE682AD540FF0048E522 /* SnapKit in Frameworks */,
				63FBAE6A2AD540FF0048E522 /* SnapKit-Dynamic in Frameworks */,
			);
			runOnlyForDeploymentPostprocessing = 0;
		};
/* End PBXFrameworksBuildPhase section */

/* Begin PBXGroup section */
		63FBAE462AD540530048E522 = {
			isa = PBXGroup;
			children = (
				63FBAE512AD540530048E522 /* AdMobDemo */,
				63FBAE502AD540530048E522 /* Products */,
			);
			sourceTree = "<group>";
		};
		63FBAE502AD540530048E522 /* Products */ = {
			isa = PBXGroup;
			children = (
				63FBAE4F2AD540530048E522 /* AdMobDemo.app */,
			);
			name = Products;
			sourceTree = "<group>";
		};
		63FBAE512AD540530048E522 /* AdMobDemo */ = {
			isa = PBXGroup;
			children = (
				63FBAE522AD540530048E522 /* AppDelegate.swift */,
				63FBAE542AD540530048E522 /* SceneDelegate.swift */,
				63FBAE562AD540530048E522 /* ViewController.swift */,
				63FBAE5B2AD540560048E522 /* Assets.xcassets */,
				63FBAE5D2AD540560048E522 /* LaunchScreen.storyboard */,
				63FBAE602AD540560048E522 /* Info.plist */,
				63FBAE6B2AD541D60048E522 /* SecondVC.swift */,
				63FBAE6D2AD542600048E522 /* ThirdVC.swift */,
			);
			path = AdMobDemo;
			sourceTree = "<group>";
		};
/* End PBXGroup section */

/* Begin PBXNativeTarget section */
		63FBAE4E2AD540530048E522 /* AdMobDemo */ = {
			isa = PBXNativeTarget;
			buildConfigurationList = 63FBAE632AD540560048E522 /* Build configuration list for PBXNativeTarget "AdMobDemo" */;
			buildPhases = (
				63FBAE4B2AD540530048E522 /* Sources */,
				63FBAE4C2AD540530048E522 /* Frameworks */,
				63FBAE4D2AD540530048E522 /* Resources */,
			);
			buildRules = (
			);
			dependencies = (
			);
			name = AdMobDemo;
			packageProductDependencies = (
				63FBAE672AD540FF0048E522 /* SnapKit */,
				63FBAE692AD540FF0048E522 /* SnapKit-Dynamic */,
				63FBAE702AD544CD0048E522 /* GoogleMobileAds */,
			);
			productName = AdMobDemo;
			productReference = 63FBAE4F2AD540530048E522 /* AdMobDemo.app */;
			productType = "com.apple.product-type.application";
		};
/* End PBXNativeTarget section */

/* Begin PBXProject section */
		63FBAE472AD540530048E522 /* Project object */ = {
			isa = PBXProject;
			attributes = {
				BuildIndependentTargetsInParallel = 1;
				LastSwiftUpdateCheck = 1500;
				LastUpgradeCheck = 1500;
				TargetAttributes = {
					63FBAE4E2AD540530048E522 = {
						CreatedOnToolsVersion = 15.0;
					};
				};
			};
			buildConfigurationList = 63FBAE4A2AD540530048E522 /* Build configuration list for PBXProject "AdMobDemo" */;
			compatibilityVersion = "Xcode 14.0";
			developmentRegion = en;
			hasScannedForEncodings = 0;
			knownRegions = (
				en,
				Base,
			);
			mainGroup = 63FBAE462AD540530048E522;
			packageReferences = (
				63FBAE662AD540FF0048E522 /* XCRemoteSwiftPackageReference "SnapKit" */,
				63FBAE6F2AD544CD0048E522 /* XCRemoteSwiftPackageReference "swift-package-manager-google-mobile-ads" */,
			);
			productRefGroup = 63FBAE502AD540530048E522 /* Products */;
			projectDirPath = "";
			projectRoot = "";
			targets = (
				63FBAE4E2AD540530048E522 /* AdMobDemo */,
			);
		};
/* End PBXProject section */

/* Begin PBXResourcesBuildPhase section */
		63FBAE4D2AD540530048E522 /* Resources */ = {
			isa = PBXResourcesBuildPhase;
			buildActionMask = 2147483647;
			files = (
				63FBAE5F2AD540560048E522 /* LaunchScreen.storyboard in Resources */,
				63FBAE5C2AD540560048E522 /* Assets.xcassets in Resources */,
			);
			runOnlyForDeploymentPostprocessing = 0;
		};
/* End PBXResourcesBuildPhase section */

/* Begin PBXSourcesBuildPhase section */
		63FBAE4B2AD540530048E522 /* Sources */ = {
			isa = PBXSourcesBuildPhase;
			buildActionMask = 2147483647;
			files = (
				63FBAE572AD540530048E522 /* ViewController.swift in Sources */,
				63FBAE532AD540530048E522 /* AppDelegate.swift in Sources */,
				63FBAE6C2AD541D60048E522 /* SecondVC.swift in Sources */,
				63FBAE552AD540530048E522 /* SceneDelegate.swift in Sources */,
				63FBAE6E2AD542600048E522 /* ThirdVC.swift in Sources */,
			);
			runOnlyForDeploymentPostprocessing = 0;
		};
/* End PBXSourcesBuildPhase section */

/* Begin PBXVariantGroup section */
		63FBAE5D2AD540560048E522 /* LaunchScreen.storyboard */ = {
			isa = PBXVariantGroup;
			children = (
				63FBAE5E2AD540560048E522 /* Base */,
			);
			name = LaunchScreen.storyboard;
			sourceTree = "<group>";
		};
/* End PBXVariantGroup section */

/* Begin XCBuildConfiguration section */
		63FBAE612AD540560048E522 /* Debug */ = {
			isa = XCBuildConfiguration;
			buildSettings = {
				ALWAYS_SEARCH_USER_PATHS = NO;
				ASSETCATALOG_COMPILER_GENERATE_SWIFT_ASSET_SYMBOL_EXTENSIONS = YES;
				CLANG_ANALYZER_NONNULL = YES;
				CLANG_ANALYZER_NUMBER_OBJECT_CONVERSION = YES_AGGRESSIVE;
				CLANG_CXX_LANGUAGE_STANDARD = "gnu++20";
				CLANG_ENABLE_MODULES = YES;
				CLANG_ENABLE_OBJC_ARC = YES;
				CLANG_ENABLE_OBJC_WEAK = YES;
				CLANG_WARN_BLOCK_CAPTURE_AUTORELEASING = YES;
				CLANG_WARN_BOOL_CONVERSION = YES;
				CLANG_WARN_COMMA = YES;
				CLANG_WARN_CONSTANT_CONVERSION = YES;
				CLANG_WARN_DEPRECATED_OBJC_IMPLEMENTATIONS = YES;
				CLANG_WARN_DIRECT_OBJC_ISA_USAGE = YES_ERROR;
				CLANG_WARN_DOCUMENTATION_COMMENTS = YES;
				CLANG_WARN_EMPTY_BODY = YES;
				CLANG_WARN_ENUM_CONVERSION = YES;
				CLANG_WARN_INFINITE_RECURSION = YES;
				CLANG_WARN_INT_CONVERSION = YES;
				CLANG_WARN_NON_LITERAL_NULL_CONVERSION = YES;
				CLANG_WARN_OBJC_IMPLICIT_RETAIN_SELF = YES;
				CLANG_WARN_OBJC_LITERAL_CONVERSION = YES;
				CLANG_WARN_OBJC_ROOT_CLASS = YES_ERROR;
				CLANG_WARN_QUOTED_INCLUDE_IN_FRAMEWORK_HEADER = YES;
				CLANG_WARN_RANGE_LOOP_ANALYSIS = YES;
				CLANG_WARN_STRICT_PROTOTYPES = YES;
				CLANG_WARN_SUSPICIOUS_MOVE = YES;
				CLANG_WARN_UNGUARDED_AVAILABILITY = YES_AGGRESSIVE;
				CLANG_WARN_UNREACHABLE_CODE = YES;
				CLANG_WARN__DUPLICATE_METHOD_MATCH = YES;
				COPY_PHASE_STRIP = NO;
				DEBUG_INFORMATION_FORMAT = dwarf;
				ENABLE_STRICT_OBJC_MSGSEND = YES;
				ENABLE_TESTABILITY = YES;
				ENABLE_USER_SCRIPT_SANDBOXING = YES;
				GCC_C_LANGUAGE_STANDARD = gnu17;
				GCC_DYNAMIC_NO_PIC = NO;
				GCC_NO_COMMON_BLOCKS = YES;
				GCC_OPTIMIZATION_LEVEL = 0;
				GCC_PREPROCESSOR_DEFINITIONS = (
					"DEBUG=1",
					"$(inherited)",
				);
				GCC_WARN_64_TO_32_BIT_CONVERSION = YES;
				GCC_WARN_ABOUT_RETURN_TYPE = YES_ERROR;
				GCC_WARN_UNDECLARED_SELECTOR = YES;
				GCC_WARN_UNINITIALIZED_AUTOS = YES_AGGRESSIVE;
				GCC_WARN_UNUSED_FUNCTION = YES;
				GCC_WARN_UNUSED_VARIABLE = YES;
				IPHONEOS_DEPLOYMENT_TARGET = 17.0;
				LOCALIZATION_PREFERS_STRING_CATALOGS = YES;
				MTL_ENABLE_DEBUG_INFO = INCLUDE_SOURCE;
				MTL_FAST_MATH = YES;
				ONLY_ACTIVE_ARCH = YES;
				SDKROOT = iphoneos;
				SWIFT_ACTIVE_COMPILATION_CONDITIONS = "DEBUG $(inherited)";
				SWIFT_OPTIMIZATION_LEVEL = "-Onone";
			};
			name = Debug;
		};
		63FBAE622AD540560048E522 /* Release */ = {
			isa = XCBuildConfiguration;
			buildSettings = {
				ALWAYS_SEARCH_USER_PATHS = NO;
				ASSETCATALOG_COMPILER_GENERATE_SWIFT_ASSET_SYMBOL_EXTENSIONS = YES;
				CLANG_ANALYZER_NONNULL = YES;
				CLANG_ANALYZER_NUMBER_OBJECT_CONVERSION = YES_AGGRESSIVE;
				CLANG_CXX_LANGUAGE_STANDARD = "gnu++20";
				CLANG_ENABLE_MODULES = YES;
				CLANG_ENABLE_OBJC_ARC = YES;
				CLANG_ENABLE_OBJC_WEAK = YES;
				CLANG_WARN_BLOCK_CAPTURE_AUTORELEASING = YES;
				CLANG_WARN_BOOL_CONVERSION = YES;
				CLANG_WARN_COMMA = YES;
				CLANG_WARN_CONSTANT_CONVERSION = YES;
				CLANG_WARN_DEPRECATED_OBJC_IMPLEMENTATIONS = YES;
				CLANG_WARN_DIRECT_OBJC_ISA_USAGE = YES_ERROR;
				CLANG_WARN_DOCUMENTATION_COMMENTS = YES;
				CLANG_WARN_EMPTY_BODY = YES;
				CLANG_WARN_ENUM_CONVERSION = YES;
				CLANG_WARN_INFINITE_RECURSION = YES;
				CLANG_WARN_INT_CONVERSION = YES;
				CLANG_WARN_NON_LITERAL_NULL_CONVERSION = YES;
				CLANG_WARN_OBJC_IMPLICIT_RETAIN_SELF = YES;
				CLANG_WARN_OBJC_LITERAL_CONVERSION = YES;
				CLANG_WARN_OBJC_ROOT_CLASS = YES_ERROR;
				CLANG_WARN_QUOTED_INCLUDE_IN_FRAMEWORK_HEADER = YES;
				CLANG_WARN_RANGE_LOOP_ANALYSIS = YES;
				CLANG_WARN_STRICT_PROTOTYPES = YES;
				CLANG_WARN_SUSPICIOUS_MOVE = YES;
				CLANG_WARN_UNGUARDED_AVAILABILITY = YES_AGGRESSIVE;
				CLANG_WARN_UNREACHABLE_CODE = YES;
				CLANG_WARN__DUPLICATE_METHOD_MATCH = YES;
				COPY_PHASE_STRIP = NO;
				DEBUG_INFORMATION_FORMAT = "dwarf-with-dsym";
				ENABLE_NS_ASSERTIONS = NO;
				ENABLE_STRICT_OBJC_MSGSEND = YES;
				ENABLE_USER_SCRIPT_SANDBOXING = YES;
				GCC_C_LANGUAGE_STANDARD = gnu17;
				GCC_NO_COMMON_BLOCKS = YES;
				GCC_WARN_64_TO_32_BIT_CONVERSION = YES;
				GCC_WARN_ABOUT_RETURN_TYPE = YES_ERROR;
				GCC_WARN_UNDECLARED_SELECTOR = YES;
				GCC_WARN_UNINITIALIZED_AUTOS = YES_AGGRESSIVE;
				GCC_WARN_UNUSED_FUNCTION = YES;
				GCC_WARN_UNUSED_VARIABLE = YES;
				IPHONEOS_DEPLOYMENT_TARGET = 17.0;
				LOCALIZATION_PREFERS_STRING_CATALOGS = YES;
				MTL_ENABLE_DEBUG_INFO = NO;
				MTL_FAST_MATH = YES;
				SDKROOT = iphoneos;
				SWIFT_COMPILATION_MODE = wholemodule;
				VALIDATE_PRODUCT = YES;
			};
			name = Release;
		};
		63FBAE642AD540560048E522 /* Debug */ = {
			isa = XCBuildConfiguration;
			buildSettings = {
				ASSETCATALOG_COMPILER_APPICON_NAME = AppIcon;
				ASSETCATALOG_COMPILER_GLOBAL_ACCENT_COLOR_NAME = AccentColor;
				CODE_SIGN_STYLE = Automatic;
				CURRENT_PROJECT_VERSION = 1;
				DEVELOPMENT_TEAM = 637FC6BUKX;
				GENERATE_INFOPLIST_FILE = YES;
				INFOPLIST_FILE = AdMobDemo/Info.plist;
				INFOPLIST_KEY_UIApplicationSupportsIndirectInputEvents = YES;
				INFOPLIST_KEY_UILaunchStoryboardName = LaunchScreen;
				INFOPLIST_KEY_UISupportedInterfaceOrientations_iPad = "UIInterfaceOrientationPortrait UIInterfaceOrientationPortraitUpsideDown UIInterfaceOrientationLandscapeLeft UIInterfaceOrientationLandscapeRight";
				INFOPLIST_KEY_UISupportedInterfaceOrientations_iPhone = "UIInterfaceOrientationPortrait UIInterfaceOrientationLandscapeLeft UIInterfaceOrientationLandscapeRight";
				LD_RUNPATH_SEARCH_PATHS = (
					"$(inherited)",
					"@executable_path/Frameworks",
				);
				MARKETING_VERSION = 1.0;
				"OTHER_LDFLAGS[arch=*]" = "-ObjC";
				PRODUCT_BUNDLE_IDENTIFIER = com.ekenozlu.AdMobDemo;
				PRODUCT_NAME = "$(TARGET_NAME)";
				SWIFT_EMIT_LOC_STRINGS = YES;
				SWIFT_VERSION = 5.0;
				TARGETED_DEVICE_FAMILY = "1,2";
			};
			name = Debug;
		};
		63FBAE652AD540560048E522 /* Release */ = {
			isa = XCBuildConfiguration;
			buildSettings = {
				ASSETCATALOG_COMPILER_APPICON_NAME = AppIcon;
				ASSETCATALOG_COMPILER_GLOBAL_ACCENT_COLOR_NAME = AccentColor;
				CODE_SIGN_STYLE = Automatic;
				CURRENT_PROJECT_VERSION = 1;
				DEVELOPMENT_TEAM = 637FC6BUKX;
				GENERATE_INFOPLIST_FILE = YES;
				INFOPLIST_FILE = AdMobDemo/Info.plist;
				INFOPLIST_KEY_UIApplicationSupportsIndirectInputEvents = YES;
				INFOPLIST_KEY_UILaunchStoryboardName = LaunchScreen;
				INFOPLIST_KEY_UISupportedInterfaceOrientations_iPad = "UIInterfaceOrientationPortrait UIInterfaceOrientationPortraitUpsideDown UIInterfaceOrientationLandscapeLeft UIInterfaceOrientationLandscapeRight";
				INFOPLIST_KEY_UISupportedInterfaceOrientations_iPhone = "UIInterfaceOrientationPortrait UIInterfaceOrientationLandscapeLeft UIInterfaceOrientationLandscapeRight";
				LD_RUNPATH_SEARCH_PATHS = (
					"$(inherited)",
					"@executable_path/Frameworks",
				);
				MARKETING_VERSION = 1.0;
				"OTHER_LDFLAGS[arch=*]" = "-ObjC";
				PRODUCT_BUNDLE_IDENTIFIER = com.ekenozlu.AdMobDemo;
				PRODUCT_NAME = "$(TARGET_NAME)";
				SWIFT_EMIT_LOC_STRINGS = YES;
				SWIFT_VERSION = 5.0;
				TARGETED_DEVICE_FAMILY = "1,2";
			};
			name = Release;
		};
/* End XCBuildConfiguration section */

/* Begin XCConfigurationList section */
		63FBAE4A2AD540530048E522 /* Build configuration list for PBXProject "AdMobDemo" */ = {
			isa = XCConfigurationList;
			buildConfigurations = (
				63FBAE612AD540560048E522 /* Debug */,
				63FBAE622AD540560048E522 /* Release */,
			);
			defaultConfigurationIsVisible = 0;
			defaultConfigurationName = Release;
		};
		63FBAE632AD540560048E522 /* Build configuration list for PBXNativeTarget "AdMobDemo" */ = {
			isa = XCConfigurationList;
			buildConfigurations = (
				63FBAE642AD540560048E522 /* Debug */,
				63FBAE652AD540560048E522 /* Release */,
			);
			defaultConfigurationIsVisible = 0;
			defaultConfigurationName = Release;
		};
/* End XCConfigurationList section */

/* Begin XCRemoteSwiftPackageReference section */
		63FBAE662AD540FF0048E522 /* XCRemoteSwiftPackageReference "SnapKit" */ = {
			isa = XCRemoteSwiftPackageReference;
			repositoryURL = "https://github.com/SnapKit/SnapKit";
			requirement = {
				kind = upToNextMajorVersion;
				minimumVersion = 5.6.0;
			};
		};
		63FBAE6F2AD544CD0048E522 /* XCRemoteSwiftPackageReference "swift-package-manager-google-mobile-ads" */ = {
			isa = XCRemoteSwiftPackageReference;
			repositoryURL = "https://github.com/googleads/swift-package-manager-google-mobile-ads.git";
			requirement = {
				kind = upToNextMajorVersion;
				minimumVersion = 10.12.0;
			};
		};
/* End XCRemoteSwiftPackageReference section */

/* Begin XCSwiftPackageProductDependency section */
		63FBAE672AD540FF0048E522 /* SnapKit */ = {
			isa = XCSwiftPackageProductDependency;
			package = 63FBAE662AD540FF0048E522 /* XCRemoteSwiftPackageReference "SnapKit" */;
			productName = SnapKit;
		};
		63FBAE692AD540FF0048E522 /* SnapKit-Dynamic */ = {
			isa = XCSwiftPackageProductDependency;
			package = 63FBAE662AD540FF0048E522 /* XCRemoteSwiftPackageReference "SnapKit" */;
			productName = "SnapKit-Dynamic";
		};
		63FBAE702AD544CD0048E522 /* GoogleMobileAds */ = {
			isa = XCSwiftPackageProductDependency;
			package = 63FBAE6F2AD544CD0048E522 /* XCRemoteSwiftPackageReference "swift-package-manager-google-mobile-ads" */;
			productName = GoogleMobileAds;
		};
/* End XCSwiftPackageProductDependency section */
	};
	rootObject = 63FBAE472AD540530048E522 /* Project object */;
}
