// !$*UTF8*$!
{
	archiveVersion = 1;
	classes = {
	};
	objectVersion = 56;
	objects = {

/* Begin PBXBuildFile section */
		6331D5462ACD77F7003B2282 /* AppDelegate.swift in Sources */ = {isa = PBXBuildFile; fileRef = 6331D5452ACD77F7003B2282 /* AppDelegate.swift */; };
		6331D5482ACD77F7003B2282 /* SceneDelegate.swift in Sources */ = {isa = PBXBuildFile; fileRef = 6331D5472ACD77F7003B2282 /* SceneDelegate.swift */; };
		6331D54A2ACD77F7003B2282 /* ViewController.swift in Sources */ = {isa = PBXBuildFile; fileRef = 6331D5492ACD77F7003B2282 /* ViewController.swift */; };
		6331D54F2ACD77FA003B2282 /* Assets.xcassets in Resources */ = {isa = PBXBuildFile; fileRef = 6331D54E2ACD77FA003B2282 /* Assets.xcassets */; };
		6331D5522ACD77FA003B2282 /* LaunchScreen.storyboard in Resources */ = {isa = PBXBuildFile; fileRef = 6331D5502ACD77FA003B2282 /* LaunchScreen.storyboard */; };
		6331D55D2ACD77FA003B2282 /* Alert_ControlsTests.swift in Sources */ = {isa = PBXBuildFile; fileRef = 6331D55C2ACD77FA003B2282 /* Alert_ControlsTests.swift */; };
		6331D5672ACD77FA003B2282 /* Alert_ControlsUITests.swift in Sources */ = {isa = PBXBuildFile; fileRef = 6331D5662ACD77FA003B2282 /* Alert_ControlsUITests.swift */; };
		6331D5692ACD77FA003B2282 /* Alert_ControlsUITestsLaunchTests.swift in Sources */ = {isa = PBXBuildFile; fileRef = 6331D5682ACD77FA003B2282 /* Alert_ControlsUITestsLaunchTests.swift */; };
		63688B662ACEC40D00E5D5C5 /* SnapKit in Frameworks */ = {isa = PBXBuildFile; productRef = 63688B652ACEC40D00E5D5C5 /* SnapKit */; };
		63688B682ACEC40D00E5D5C5 /* SnapKit-Dynamic in Frameworks */ = {isa = PBXBuildFile; productRef = 63688B672ACEC40D00E5D5C5 /* SnapKit-Dynamic */; };
/* End PBXBuildFile section */

/* Begin PBXContainerItemProxy section */
		6331D5592ACD77FA003B2282 /* PBXContainerItemProxy */ = {
			isa = PBXContainerItemProxy;
			containerPortal = 6331D53A2ACD77F7003B2282 /* Project object */;
			proxyType = 1;
			remoteGlobalIDString = 6331D5412ACD77F7003B2282;
			remoteInfo = "Alert Controls";
		};
		6331D5632ACD77FA003B2282 /* PBXContainerItemProxy */ = {
			isa = PBXContainerItemProxy;
			containerPortal = 6331D53A2ACD77F7003B2282 /* Project object */;
			proxyType = 1;
			remoteGlobalIDString = 6331D5412ACD77F7003B2282;
			remoteInfo = "Alert Controls";
		};
/* End PBXContainerItemProxy section */

/* Begin PBXFileReference section */
		6331D5422ACD77F7003B2282 /* Alert Controls.app */ = {isa = PBXFileReference; explicitFileType = wrapper.application; includeInIndex = 0; path = "Alert Controls.app"; sourceTree = BUILT_PRODUCTS_DIR; };
		6331D5452ACD77F7003B2282 /* AppDelegate.swift */ = {isa = PBXFileReference; lastKnownFileType = sourcecode.swift; path = AppDelegate.swift; sourceTree = "<group>"; };
		6331D5472ACD77F7003B2282 /* SceneDelegate.swift */ = {isa = PBXFileReference; lastKnownFileType = sourcecode.swift; path = SceneDelegate.swift; sourceTree = "<group>"; };
		6331D5492ACD77F7003B2282 /* ViewController.swift */ = {isa = PBXFileReference; lastKnownFileType = sourcecode.swift; path = ViewController.swift; sourceTree = "<group>"; };
		6331D54E2ACD77FA003B2282 /* Assets.xcassets */ = {isa = PBXFileReference; lastKnownFileType = folder.assetcatalog; path = Assets.xcassets; sourceTree = "<group>"; };
		6331D5512ACD77FA003B2282 /* Base */ = {isa = PBXFileReference; lastKnownFileType = file.storyboard; name = Base; path = Base.lproj/LaunchScreen.storyboard; sourceTree = "<group>"; };
		6331D5532ACD77FA003B2282 /* Info.plist */ = {isa = PBXFileReference; lastKnownFileType = text.plist.xml; path = Info.plist; sourceTree = "<group>"; };
		6331D5582ACD77FA003B2282 /* Alert ControlsTests.xctest */ = {isa = PBXFileReference; explicitFileType = wrapper.cfbundle; includeInIndex = 0; path = "Alert ControlsTests.xctest"; sourceTree = BUILT_PRODUCTS_DIR; };
		6331D55C2ACD77FA003B2282 /* Alert_ControlsTests.swift */ = {isa = PBXFileReference; lastKnownFileType = sourcecode.swift; path = Alert_ControlsTests.swift; sourceTree = "<group>"; };
		6331D5622ACD77FA003B2282 /* Alert ControlsUITests.xctest */ = {isa = PBXFileReference; explicitFileType = wrapper.cfbundle; includeInIndex = 0; path = "Alert ControlsUITests.xctest"; sourceTree = BUILT_PRODUCTS_DIR; };
		6331D5662ACD77FA003B2282 /* Alert_ControlsUITests.swift */ = {isa = PBXFileReference; lastKnownFileType = sourcecode.swift; path = Alert_ControlsUITests.swift; sourceTree = "<group>"; };
		6331D5682ACD77FA003B2282 /* Alert_ControlsUITestsLaunchTests.swift */ = {isa = PBXFileReference; lastKnownFileType = sourcecode.swift; path = Alert_ControlsUITestsLaunchTests.swift; sourceTree = "<group>"; };
/* End PBXFileReference section */

/* Begin PBXFrameworksBuildPhase section */
		6331D53F2ACD77F7003B2282 /* Frameworks */ = {
			isa = PBXFrameworksBuildPhase;
			buildActionMask = 2147483647;
			files = (
				63688B662ACEC40D00E5D5C5 /* SnapKit in Frameworks */,
				63688B682ACEC40D00E5D5C5 /* SnapKit-Dynamic in Frameworks */,
			);
			runOnlyForDeploymentPostprocessing = 0;
		};
		6331D5552ACD77FA003B2282 /* Frameworks */ = {
			isa = PBXFrameworksBuildPhase;
			buildActionMask = 2147483647;
			files = (
			);
			runOnlyForDeploymentPostprocessing = 0;
		};
		6331D55F2ACD77FA003B2282 /* Frameworks */ = {
			isa = PBXFrameworksBuildPhase;
			buildActionMask = 2147483647;
			files = (
			);
			runOnlyForDeploymentPostprocessing = 0;
		};
/* End PBXFrameworksBuildPhase section */

/* Begin PBXGroup section */
		6331D5392ACD77F7003B2282 = {
			isa = PBXGroup;
			children = (
				6331D5442ACD77F7003B2282 /* Alert Controls */,
				6331D55B2ACD77FA003B2282 /* Alert ControlsTests */,
				6331D5652ACD77FA003B2282 /* Alert ControlsUITests */,
				6331D5432ACD77F7003B2282 /* Products */,
			);
			sourceTree = "<group>";
		};
		6331D5432ACD77F7003B2282 /* Products */ = {
			isa = PBXGroup;
			children = (
				6331D5422ACD77F7003B2282 /* Alert Controls.app */,
				6331D5582ACD77FA003B2282 /* Alert ControlsTests.xctest */,
				6331D5622ACD77FA003B2282 /* Alert ControlsUITests.xctest */,
			);
			name = Products;
			sourceTree = "<group>";
		};
		6331D5442ACD77F7003B2282 /* Alert Controls */ = {
			isa = PBXGroup;
			children = (
				6331D5452ACD77F7003B2282 /* AppDelegate.swift */,
				6331D5472ACD77F7003B2282 /* SceneDelegate.swift */,
				6331D5492ACD77F7003B2282 /* ViewController.swift */,
				6331D54E2ACD77FA003B2282 /* Assets.xcassets */,
				6331D5502ACD77FA003B2282 /* LaunchScreen.storyboard */,
				6331D5532ACD77FA003B2282 /* Info.plist */,
			);
			path = "Alert Controls";
			sourceTree = "<group>";
		};
		6331D55B2ACD77FA003B2282 /* Alert ControlsTests */ = {
			isa = PBXGroup;
			children = (
				6331D55C2ACD77FA003B2282 /* Alert_ControlsTests.swift */,
			);
			path = "Alert ControlsTests";
			sourceTree = "<group>";
		};
		6331D5652ACD77FA003B2282 /* Alert ControlsUITests */ = {
			isa = PBXGroup;
			children = (
				6331D5662ACD77FA003B2282 /* Alert_ControlsUITests.swift */,
				6331D5682ACD77FA003B2282 /* Alert_ControlsUITestsLaunchTests.swift */,
			);
			path = "Alert ControlsUITests";
			sourceTree = "<group>";
		};
/* End PBXGroup section */

/* Begin PBXNativeTarget section */
		6331D5412ACD77F7003B2282 /* Alert Controls */ = {
			isa = PBXNativeTarget;
			buildConfigurationList = 6331D56C2ACD77FA003B2282 /* Build configuration list for PBXNativeTarget "Alert Controls" */;
			buildPhases = (
				6331D53E2ACD77F7003B2282 /* Sources */,
				6331D53F2ACD77F7003B2282 /* Frameworks */,
				6331D5402ACD77F7003B2282 /* Resources */,
			);
			buildRules = (
			);
			dependencies = (
			);
			name = "Alert Controls";
			packageProductDependencies = (
				63688B652ACEC40D00E5D5C5 /* SnapKit */,
				63688B672ACEC40D00E5D5C5 /* SnapKit-Dynamic */,
			);
			productName = "Alert Controls";
			productReference = 6331D5422ACD77F7003B2282 /* Alert Controls.app */;
			productType = "com.apple.product-type.application";
		};
		6331D5572ACD77FA003B2282 /* Alert ControlsTests */ = {
			isa = PBXNativeTarget;
			buildConfigurationList = 6331D56F2ACD77FA003B2282 /* Build configuration list for PBXNativeTarget "Alert ControlsTests" */;
			buildPhases = (
				6331D5542ACD77FA003B2282 /* Sources */,
				6331D5552ACD77FA003B2282 /* Frameworks */,
				6331D5562ACD77FA003B2282 /* Resources */,
			);
			buildRules = (
			);
			dependencies = (
				6331D55A2ACD77FA003B2282 /* PBXTargetDependency */,
			);
			name = "Alert ControlsTests";
			productName = "Alert ControlsTests";
			productReference = 6331D5582ACD77FA003B2282 /* Alert ControlsTests.xctest */;
			productType = "com.apple.product-type.bundle.unit-test";
		};
		6331D5612ACD77FA003B2282 /* Alert ControlsUITests */ = {
			isa = PBXNativeTarget;
			buildConfigurationList = 6331D5722ACD77FA003B2282 /* Build configuration list for PBXNativeTarget "Alert ControlsUITests" */;
			buildPhases = (
				6331D55E2ACD77FA003B2282 /* Sources */,
				6331D55F2ACD77FA003B2282 /* Frameworks */,
				6331D5602ACD77FA003B2282 /* Resources */,
			);
			buildRules = (
			);
			dependencies = (
				6331D5642ACD77FA003B2282 /* PBXTargetDependency */,
			);
			name = "Alert ControlsUITests";
			productName = "Alert ControlsUITests";
			productReference = 6331D5622ACD77FA003B2282 /* Alert ControlsUITests.xctest */;
			productType = "com.apple.product-type.bundle.ui-testing";
		};
/* End PBXNativeTarget section */

/* Begin PBXProject section */
		6331D53A2ACD77F7003B2282 /* Project object */ = {
			isa = PBXProject;
			attributes = {
				BuildIndependentTargetsInParallel = 1;
				LastSwiftUpdateCheck = 1500;
				LastUpgradeCheck = 1500;
				TargetAttributes = {
					6331D5412ACD77F7003B2282 = {
						CreatedOnToolsVersion = 15.0;
					};
					6331D5572ACD77FA003B2282 = {
						CreatedOnToolsVersion = 15.0;
						TestTargetID = 6331D5412ACD77F7003B2282;
					};
					6331D5612ACD77FA003B2282 = {
						CreatedOnToolsVersion = 15.0;
						TestTargetID = 6331D5412ACD77F7003B2282;
					};
				};
			};
			buildConfigurationList = 6331D53D2ACD77F7003B2282 /* Build configuration list for PBXProject "Alert Controls" */;
			compatibilityVersion = "Xcode 14.0";
			developmentRegion = en;
			hasScannedForEncodings = 0;
			knownRegions = (
				en,
				Base,
			);
			mainGroup = 6331D5392ACD77F7003B2282;
			packageReferences = (
				63688B642ACEC40D00E5D5C5 /* XCRemoteSwiftPackageReference "SnapKit" */,
			);
			productRefGroup = 6331D5432ACD77F7003B2282 /* Products */;
			projectDirPath = "";
			projectRoot = "";
			targets = (
				6331D5412ACD77F7003B2282 /* Alert Controls */,
				6331D5572ACD77FA003B2282 /* Alert ControlsTests */,
				6331D5612ACD77FA003B2282 /* Alert ControlsUITests */,
			);
		};
/* End PBXProject section */

/* Begin PBXResourcesBuildPhase section */
		6331D5402ACD77F7003B2282 /* Resources */ = {
			isa = PBXResourcesBuildPhase;
			buildActionMask = 2147483647;
			files = (
				6331D5522ACD77FA003B2282 /* LaunchScreen.storyboard in Resources */,
				6331D54F2ACD77FA003B2282 /* Assets.xcassets in Resources */,
			);
			runOnlyForDeploymentPostprocessing = 0;
		};
		6331D5562ACD77FA003B2282 /* Resources */ = {
			isa = PBXResourcesBuildPhase;
			buildActionMask = 2147483647;
			files = (
			);
			runOnlyForDeploymentPostprocessing = 0;
		};
		6331D5602ACD77FA003B2282 /* Resources */ = {
			isa = PBXResourcesBuildPhase;
			buildActionMask = 2147483647;
			files = (
			);
			runOnlyForDeploymentPostprocessing = 0;
		};
/* End PBXResourcesBuildPhase section */

/* Begin PBXSourcesBuildPhase section */
		6331D53E2ACD77F7003B2282 /* Sources */ = {
			isa = PBXSourcesBuildPhase;
			buildActionMask = 2147483647;
			files = (
				6331D54A2ACD77F7003B2282 /* ViewController.swift in Sources */,
				6331D5462ACD77F7003B2282 /* AppDelegate.swift in Sources */,
				6331D5482ACD77F7003B2282 /* SceneDelegate.swift in Sources */,
			);
			runOnlyForDeploymentPostprocessing = 0;
		};
		6331D5542ACD77FA003B2282 /* Sources */ = {
			isa = PBXSourcesBuildPhase;
			buildActionMask = 2147483647;
			files = (
				6331D55D2ACD77FA003B2282 /* Alert_ControlsTests.swift in Sources */,
			);
			runOnlyForDeploymentPostprocessing = 0;
		};
		6331D55E2ACD77FA003B2282 /* Sources */ = {
			isa = PBXSourcesBuildPhase;
			buildActionMask = 2147483647;
			files = (
				6331D5672ACD77FA003B2282 /* Alert_ControlsUITests.swift in Sources */,
				6331D5692ACD77FA003B2282 /* Alert_ControlsUITestsLaunchTests.swift in Sources */,
			);
			runOnlyForDeploymentPostprocessing = 0;
		};
/* End PBXSourcesBuildPhase section */

/* Begin PBXTargetDependency section */
		6331D55A2ACD77FA003B2282 /* PBXTargetDependency */ = {
			isa = PBXTargetDependency;
			target = 6331D5412ACD77F7003B2282 /* Alert Controls */;
			targetProxy = 6331D5592ACD77FA003B2282 /* PBXContainerItemProxy */;
		};
		6331D5642ACD77FA003B2282 /* PBXTargetDependency */ = {
			isa = PBXTargetDependency;
			target = 6331D5412ACD77F7003B2282 /* Alert Controls */;
			targetProxy = 6331D5632ACD77FA003B2282 /* PBXContainerItemProxy */;
		};
/* End PBXTargetDependency section */

/* Begin PBXVariantGroup section */
		6331D5502ACD77FA003B2282 /* LaunchScreen.storyboard */ = {
			isa = PBXVariantGroup;
			children = (
				6331D5512ACD77FA003B2282 /* Base */,
			);
			name = LaunchScreen.storyboard;
			sourceTree = "<group>";
		};
/* End PBXVariantGroup section */

/* Begin XCBuildConfiguration section */
		6331D56A2ACD77FA003B2282 /* Debug */ = {
			isa = XCBuildConfiguration;
			buildSettings = {
				ALWAYS_SEARCH_USER_PATHS = NO;
				ASSETCATALOG_COMPILER_GENERATE_SWIFT_ASSET_SYMBOL_EXTENSIONS = YES;
				CLANG_ANALYZER_NONNULL = YES;
				CLANG_ANALYZER_NUMBER_OBJECT_CONVERSION = YES_AGGRESSIVE;
				CLANG_CXX_LANGUAGE_STANDARD = "gnu++20";
				CLANG_ENABLE_MODULES = YES;
				CLANG_ENABLE_OBJC_ARC = YES;
				CLANG_ENABLE_OBJC_WEAK = YES;
				CLANG_WARN_BLOCK_CAPTURE_AUTORELEASING = YES;
				CLANG_WARN_BOOL_CONVERSION = YES;
				CLANG_WARN_COMMA = YES;
				CLANG_WARN_CONSTANT_CONVERSION = YES;
				CLANG_WARN_DEPRECATED_OBJC_IMPLEMENTATIONS = YES;
				CLANG_WARN_DIRECT_OBJC_ISA_USAGE = YES_ERROR;
				CLANG_WARN_DOCUMENTATION_COMMENTS = YES;
				CLANG_WARN_EMPTY_BODY = YES;
				CLANG_WARN_ENUM_CONVERSION = YES;
				CLANG_WARN_INFINITE_RECURSION = YES;
				CLANG_WARN_INT_CONVERSION = YES;
				CLANG_WARN_NON_LITERAL_NULL_CONVERSION = YES;
				CLANG_WARN_OBJC_IMPLICIT_RETAIN_SELF = YES;
				CLANG_WARN_OBJC_LITERAL_CONVERSION = YES;
				CLANG_WARN_OBJC_ROOT_CLASS = YES_ERROR;
				CLANG_WARN_QUOTED_INCLUDE_IN_FRAMEWORK_HEADER = YES;
				CLANG_WARN_RANGE_LOOP_ANALYSIS = YES;
				CLANG_WARN_STRICT_PROTOTYPES = YES;
				CLANG_WARN_SUSPICIOUS_MOVE = YES;
				CLANG_WARN_UNGUARDED_AVAILABILITY = YES_AGGRESSIVE;
				CLANG_WARN_UNREACHABLE_CODE = YES;
				CLANG_WARN__DUPLICATE_METHOD_MATCH = YES;
				COPY_PHASE_STRIP = NO;
				DEBUG_INFORMATION_FORMAT = dwarf;
				ENABLE_STRICT_OBJC_MSGSEND = YES;
				ENABLE_TESTABILITY = YES;
				ENABLE_USER_SCRIPT_SANDBOXING = YES;
				GCC_C_LANGUAGE_STANDARD = gnu17;
				GCC_DYNAMIC_NO_PIC = NO;
				GCC_NO_COMMON_BLOCKS = YES;
				GCC_OPTIMIZATION_LEVEL = 0;
				GCC_PREPROCESSOR_DEFINITIONS = (
					"DEBUG=1",
					"$(inherited)",
				);
				GCC_WARN_64_TO_32_BIT_CONVERSION = YES;
				GCC_WARN_ABOUT_RETURN_TYPE = YES_ERROR;
				GCC_WARN_UNDECLARED_SELECTOR = YES;
				GCC_WARN_UNINITIALIZED_AUTOS = YES_AGGRESSIVE;
				GCC_WARN_UNUSED_FUNCTION = YES;
				GCC_WARN_UNUSED_VARIABLE = YES;
				IPHONEOS_DEPLOYMENT_TARGET = 17.0;
				LOCALIZATION_PREFERS_STRING_CATALOGS = YES;
				MTL_ENABLE_DEBUG_INFO = INCLUDE_SOURCE;
				MTL_FAST_MATH = YES;
				ONLY_ACTIVE_ARCH = YES;
				SDKROOT = iphoneos;
				SWIFT_ACTIVE_COMPILATION_CONDITIONS = "DEBUG $(inherited)";
				SWIFT_OPTIMIZATION_LEVEL = "-Onone";
			};
			name = Debug;
		};
		6331D56B2ACD77FA003B2282 /* Release */ = {
			isa = XCBuildConfiguration;
			buildSettings = {
				ALWAYS_SEARCH_USER_PATHS = NO;
				ASSETCATALOG_COMPILER_GENERATE_SWIFT_ASSET_SYMBOL_EXTENSIONS = YES;
				CLANG_ANALYZER_NONNULL = YES;
				CLANG_ANALYZER_NUMBER_OBJECT_CONVERSION = YES_AGGRESSIVE;
				CLANG_CXX_LANGUAGE_STANDARD = "gnu++20";
				CLANG_ENABLE_MODULES = YES;
				CLANG_ENABLE_OBJC_ARC = YES;
				CLANG_ENABLE_OBJC_WEAK = YES;
				CLANG_WARN_BLOCK_CAPTURE_AUTORELEASING = YES;
				CLANG_WARN_BOOL_CONVERSION = YES;
				CLANG_WARN_COMMA = YES;
				CLANG_WARN_CONSTANT_CONVERSION = YES;
				CLANG_WARN_DEPRECATED_OBJC_IMPLEMENTATIONS = YES;
				CLANG_WARN_DIRECT_OBJC_ISA_USAGE = YES_ERROR;
				CLANG_WARN_DOCUMENTATION_COMMENTS = YES;
				CLANG_WARN_EMPTY_BODY = YES;
				CLANG_WARN_ENUM_CONVERSION = YES;
				CLANG_WARN_INFINITE_RECURSION = YES;
				CLANG_WARN_INT_CONVERSION = YES;
				CLANG_WARN_NON_LITERAL_NULL_CONVERSION = YES;
				CLANG_WARN_OBJC_IMPLICIT_RETAIN_SELF = YES;
				CLANG_WARN_OBJC_LITERAL_CONVERSION = YES;
				CLANG_WARN_OBJC_ROOT_CLASS = YES_ERROR;
				CLANG_WARN_QUOTED_INCLUDE_IN_FRAMEWORK_HEADER = YES;
				CLANG_WARN_RANGE_LOOP_ANALYSIS = YES;
				CLANG_WARN_STRICT_PROTOTYPES = YES;
				CLANG_WARN_SUSPICIOUS_MOVE = YES;
				CLANG_WARN_UNGUARDED_AVAILABILITY = YES_AGGRESSIVE;
				CLANG_WARN_UNREACHABLE_CODE = YES;
				CLANG_WARN__DUPLICATE_METHOD_MATCH = YES;
				COPY_PHASE_STRIP = NO;
				DEBUG_INFORMATION_FORMAT = "dwarf-with-dsym";
				ENABLE_NS_ASSERTIONS = NO;
				ENABLE_STRICT_OBJC_MSGSEND = YES;
				ENABLE_USER_SCRIPT_SANDBOXING = YES;
				GCC_C_LANGUAGE_STANDARD = gnu17;
				GCC_NO_COMMON_BLOCKS = YES;
				GCC_WARN_64_TO_32_BIT_CONVERSION = YES;
				GCC_WARN_ABOUT_RETURN_TYPE = YES_ERROR;
				GCC_WARN_UNDECLARED_SELECTOR = YES;
				GCC_WARN_UNINITIALIZED_AUTOS = YES_AGGRESSIVE;
				GCC_WARN_UNUSED_FUNCTION = YES;
				GCC_WARN_UNUSED_VARIABLE = YES;
				IPHONEOS_DEPLOYMENT_TARGET = 17.0;
				LOCALIZATION_PREFERS_STRING_CATALOGS = YES;
				MTL_ENABLE_DEBUG_INFO = NO;
				MTL_FAST_MATH = YES;
				SDKROOT = iphoneos;
				SWIFT_COMPILATION_MODE = wholemodule;
				VALIDATE_PRODUCT = YES;
			};
			name = Release;
		};
		6331D56D2ACD77FA003B2282 /* Debug */ = {
			isa = XCBuildConfiguration;
			buildSettings = {
				ASSETCATALOG_COMPILER_APPICON_NAME = AppIcon;
				ASSETCATALOG_COMPILER_GLOBAL_ACCENT_COLOR_NAME = AccentColor;
				CODE_SIGN_STYLE = Automatic;
				CURRENT_PROJECT_VERSION = 1;
				DEVELOPMENT_TEAM = 637FC6BUKX;
				GENERATE_INFOPLIST_FILE = YES;
				INFOPLIST_FILE = "Alert Controls/Info.plist";
				INFOPLIST_KEY_UIApplicationSupportsIndirectInputEvents = YES;
				INFOPLIST_KEY_UILaunchStoryboardName = LaunchScreen;
				INFOPLIST_KEY_UISupportedInterfaceOrientations_iPad = "UIInterfaceOrientationPortrait UIInterfaceOrientationPortraitUpsideDown UIInterfaceOrientationLandscapeLeft UIInterfaceOrientationLandscapeRight";
				INFOPLIST_KEY_UISupportedInterfaceOrientations_iPhone = "UIInterfaceOrientationPortrait UIInterfaceOrientationLandscapeLeft UIInterfaceOrientationLandscapeRight";
				LD_RUNPATH_SEARCH_PATHS = (
					"$(inherited)",
					"@executable_path/Frameworks",
				);
				MARKETING_VERSION = 1.0;
				PRODUCT_BUNDLE_IDENTIFIER = "com.ekenozlu.Alert-Controls";
				PRODUCT_NAME = "$(TARGET_NAME)";
				SWIFT_EMIT_LOC_STRINGS = YES;
				SWIFT_VERSION = 5.0;
				TARGETED_DEVICE_FAMILY = "1,2";
			};
			name = Debug;
		};
		6331D56E2ACD77FA003B2282 /* Release */ = {
			isa = XCBuildConfiguration;
			buildSettings = {
				ASSETCATALOG_COMPILER_APPICON_NAME = AppIcon;
				ASSETCATALOG_COMPILER_GLOBAL_ACCENT_COLOR_NAME = AccentColor;
				CODE_SIGN_STYLE = Automatic;
				CURRENT_PROJECT_VERSION = 1;
				DEVELOPMENT_TEAM = 637FC6BUKX;
				GENERATE_INFOPLIST_FILE = YES;
				INFOPLIST_FILE = "Alert Controls/Info.plist";
				INFOPLIST_KEY_UIApplicationSupportsIndirectInputEvents = YES;
				INFOPLIST_KEY_UILaunchStoryboardName = LaunchScreen;
				INFOPLIST_KEY_UISupportedInterfaceOrientations_iPad = "UIInterfaceOrientationPortrait UIInterfaceOrientationPortraitUpsideDown UIInterfaceOrientationLandscapeLeft UIInterfaceOrientationLandscapeRight";
				INFOPLIST_KEY_UISupportedInterfaceOrientations_iPhone = "UIInterfaceOrientationPortrait UIInterfaceOrientationLandscapeLeft UIInterfaceOrientationLandscapeRight";
				LD_RUNPATH_SEARCH_PATHS = (
					"$(inherited)",
					"@executable_path/Frameworks",
				);
				MARKETING_VERSION = 1.0;
				PRODUCT_BUNDLE_IDENTIFIER = "com.ekenozlu.Alert-Controls";
				PRODUCT_NAME = "$(TARGET_NAME)";
				SWIFT_EMIT_LOC_STRINGS = YES;
				SWIFT_VERSION = 5.0;
				TARGETED_DEVICE_FAMILY = "1,2";
			};
			name = Release;
		};
		6331D5702ACD77FA003B2282 /* Debug */ = {
			isa = XCBuildConfiguration;
			buildSettings = {
				ALWAYS_EMBED_SWIFT_STANDARD_LIBRARIES = YES;
				BUNDLE_LOADER = "$(TEST_HOST)";
				CODE_SIGN_STYLE = Automatic;
				CURRENT_PROJECT_VERSION = 1;
				DEVELOPMENT_TEAM = 637FC6BUKX;
				GENERATE_INFOPLIST_FILE = YES;
				IPHONEOS_DEPLOYMENT_TARGET = 17.0;
				MARKETING_VERSION = 1.0;
				PRODUCT_BUNDLE_IDENTIFIER = "com.ekenozlu.Alert-ControlsTests";
				PRODUCT_NAME = "$(TARGET_NAME)";
				SWIFT_EMIT_LOC_STRINGS = NO;
				SWIFT_VERSION = 5.0;
				TARGETED_DEVICE_FAMILY = "1,2";
				TEST_HOST = "$(BUILT_PRODUCTS_DIR)/Alert Controls.app/$(BUNDLE_EXECUTABLE_FOLDER_PATH)/Alert Controls";
			};
			name = Debug;
		};
		6331D5712ACD77FA003B2282 /* Release */ = {
			isa = XCBuildConfiguration;
			buildSettings = {
				ALWAYS_EMBED_SWIFT_STANDARD_LIBRARIES = YES;
				BUNDLE_LOADER = "$(TEST_HOST)";
				CODE_SIGN_STYLE = Automatic;
				CURRENT_PROJECT_VERSION = 1;
				DEVELOPMENT_TEAM = 637FC6BUKX;
				GENERATE_INFOPLIST_FILE = YES;
				IPHONEOS_DEPLOYMENT_TARGET = 17.0;
				MARKETING_VERSION = 1.0;
				PRODUCT_BUNDLE_IDENTIFIER = "com.ekenozlu.Alert-ControlsTests";
				PRODUCT_NAME = "$(TARGET_NAME)";
				SWIFT_EMIT_LOC_STRINGS = NO;
				SWIFT_VERSION = 5.0;
				TARGETED_DEVICE_FAMILY = "1,2";
				TEST_HOST = "$(BUILT_PRODUCTS_DIR)/Alert Controls.app/$(BUNDLE_EXECUTABLE_FOLDER_PATH)/Alert Controls";
			};
			name = Release;
		};
		6331D5732ACD77FA003B2282 /* Debug */ = {
			isa = XCBuildConfiguration;
			buildSettings = {
				ALWAYS_EMBED_SWIFT_STANDARD_LIBRARIES = YES;
				CODE_SIGN_STYLE = Automatic;
				CURRENT_PROJECT_VERSION = 1;
				DEVELOPMENT_TEAM = 637FC6BUKX;
				GENERATE_INFOPLIST_FILE = YES;
				MARKETING_VERSION = 1.0;
				PRODUCT_BUNDLE_IDENTIFIER = "com.ekenozlu.Alert-ControlsUITests";
				PRODUCT_NAME = "$(TARGET_NAME)";
				SWIFT_EMIT_LOC_STRINGS = NO;
				SWIFT_VERSION = 5.0;
				TARGETED_DEVICE_FAMILY = "1,2";
				TEST_TARGET_NAME = "Alert Controls";
			};
			name = Debug;
		};
		6331D5742ACD77FA003B2282 /* Release */ = {
			isa = XCBuildConfiguration;
			buildSettings = {
				ALWAYS_EMBED_SWIFT_STANDARD_LIBRARIES = YES;
				CODE_SIGN_STYLE = Automatic;
				CURRENT_PROJECT_VERSION = 1;
				DEVELOPMENT_TEAM = 637FC6BUKX;
				GENERATE_INFOPLIST_FILE = YES;
				MARKETING_VERSION = 1.0;
				PRODUCT_BUNDLE_IDENTIFIER = "com.ekenozlu.Alert-ControlsUITests";
				PRODUCT_NAME = "$(TARGET_NAME)";
				SWIFT_EMIT_LOC_STRINGS = NO;
				SWIFT_VERSION = 5.0;
				TARGETED_DEVICE_FAMILY = "1,2";
				TEST_TARGET_NAME = "Alert Controls";
			};
			name = Release;
		};
/* End XCBuildConfiguration section */

/* Begin XCConfigurationList section */
		6331D53D2ACD77F7003B2282 /* Build configuration list for PBXProject "Alert Controls" */ = {
			isa = XCConfigurationList;
			buildConfigurations = (
				6331D56A2ACD77FA003B2282 /* Debug */,
				6331D56B2ACD77FA003B2282 /* Release */,
			);
			defaultConfigurationIsVisible = 0;
			defaultConfigurationName = Release;
		};
		6331D56C2ACD77FA003B2282 /* Build configuration list for PBXNativeTarget "Alert Controls" */ = {
			isa = XCConfigurationList;
			buildConfigurations = (
				6331D56D2ACD77FA003B2282 /* Debug */,
				6331D56E2ACD77FA003B2282 /* Release */,
			);
			defaultConfigurationIsVisible = 0;
			defaultConfigurationName = Release;
		};
		6331D56F2ACD77FA003B2282 /* Build configuration list for PBXNativeTarget "Alert ControlsTests" */ = {
			isa = XCConfigurationList;
			buildConfigurations = (
				6331D5702ACD77FA003B2282 /* Debug */,
				6331D5712ACD77FA003B2282 /* Release */,
			);
			defaultConfigurationIsVisible = 0;
			defaultConfigurationName = Release;
		};
		6331D5722ACD77FA003B2282 /* Build configuration list for PBXNativeTarget "Alert ControlsUITests" */ = {
			isa = XCConfigurationList;
			buildConfigurations = (
				6331D5732ACD77FA003B2282 /* Debug */,
				6331D5742ACD77FA003B2282 /* Release */,
			);
			defaultConfigurationIsVisible = 0;
			defaultConfigurationName = Release;
		};
/* End XCConfigurationList section */

/* Begin XCRemoteSwiftPackageReference section */
		63688B642ACEC40D00E5D5C5 /* XCRemoteSwiftPackageReference "SnapKit" */ = {
			isa = XCRemoteSwiftPackageReference;
			repositoryURL = "https://github.com/SnapKit/SnapKit";
			requirement = {
				kind = upToNextMajorVersion;
				minimumVersion = 5.6.0;
			};
		};
/* End XCRemoteSwiftPackageReference section */

/* Begin XCSwiftPackageProductDependency section */
		63688B652ACEC40D00E5D5C5 /* SnapKit */ = {
			isa = XCSwiftPackageProductDependency;
			package = 63688B642ACEC40D00E5D5C5 /* XCRemoteSwiftPackageReference "SnapKit" */;
			productName = SnapKit;
		};
		63688B672ACEC40D00E5D5C5 /* SnapKit-Dynamic */ = {
			isa = XCSwiftPackageProductDependency;
			package = 63688B642ACEC40D00E5D5C5 /* XCRemoteSwiftPackageReference "SnapKit" */;
			productName = "SnapKit-Dynamic";
		};
/* End XCSwiftPackageProductDependency section */
	};
	rootObject = 6331D53A2ACD77F7003B2282 /* Project object */;
}
